# THIS IS AN AUTOGENERATED FILE. DO NOT EDIT THIS FILE DIRECTLY.
# yarn lockfile v1


"@babel/polyfill@^7.12.1":
  "integrity" "sha512-X0pi0V6gxLi6lFZpGmeNa4zxtwEmCs42isWLNjZZDE0Y8yVfgu0T2OAHlzBbdYlqbW/YXVvoBHpATEM+goCj8g=="
  "resolved" "https://registry.npmjs.org/@babel/polyfill/-/polyfill-7.12.1.tgz"
  "version" "7.12.1"
  dependencies:
    "core-js" "^2.6.5"
    "regenerator-runtime" "^0.13.4"

"@ethersproject/abi@^5.6.0", "@ethersproject/abi@5.6.0":
  "integrity" "sha512-AhVByTwdXCc2YQ20v300w6KVHle9g2OFc28ZAFCPnJyEpkv1xKXjZcSTgWOlv1i+0dqlgF8RCF2Rn2KC1t+1Vg=="
  "resolved" "https://registry.npmjs.org/@ethersproject/abi/-/abi-5.6.0.tgz"
  "version" "5.6.0"
  dependencies:
    "@ethersproject/address" "^5.6.0"
    "@ethersproject/bignumber" "^5.6.0"
    "@ethersproject/bytes" "^5.6.0"
    "@ethersproject/constants" "^5.6.0"
    "@ethersproject/hash" "^5.6.0"
    "@ethersproject/keccak256" "^5.6.0"
    "@ethersproject/logger" "^5.6.0"
    "@ethersproject/properties" "^5.6.0"
    "@ethersproject/strings" "^5.6.0"

"@ethersproject/abstract-provider@^5.6.0", "@ethersproject/abstract-provider@5.6.0":
  "integrity" "sha512-oPMFlKLN+g+y7a79cLK3WiLcjWFnZQtXWgnLAbHZcN3s7L4v90UHpTOrLk+m3yr0gt+/h9STTM6zrr7PM8uoRw=="
  "resolved" "https://registry.npmjs.org/@ethersproject/abstract-provider/-/abstract-provider-5.6.0.tgz"
  "version" "5.6.0"
  dependencies:
    "@ethersproject/bignumber" "^5.6.0"
    "@ethersproject/bytes" "^5.6.0"
    "@ethersproject/logger" "^5.6.0"
    "@ethersproject/networks" "^5.6.0"
    "@ethersproject/properties" "^5.6.0"
    "@ethersproject/transactions" "^5.6.0"
    "@ethersproject/web" "^5.6.0"

"@ethersproject/abstract-signer@^5.6.0", "@ethersproject/abstract-signer@5.6.0":
  "integrity" "sha512-WOqnG0NJKtI8n0wWZPReHtaLkDByPL67tn4nBaDAhmVq8sjHTPbCdz4DRhVu/cfTOvfy9w3iq5QZ7BX7zw56BQ=="
  "resolved" "https://registry.npmjs.org/@ethersproject/abstract-signer/-/abstract-signer-5.6.0.tgz"
  "version" "5.6.0"
  dependencies:
    "@ethersproject/abstract-provider" "^5.6.0"
    "@ethersproject/bignumber" "^5.6.0"
    "@ethersproject/bytes" "^5.6.0"
    "@ethersproject/logger" "^5.6.0"
    "@ethersproject/properties" "^5.6.0"

"@ethersproject/address@^5.6.0", "@ethersproject/address@5.6.0":
  "integrity" "sha512-6nvhYXjbXsHPS+30sHZ+U4VMagFC/9zAk6Gd/h3S21YW4+yfb0WfRtaAIZ4kfM4rrVwqiy284LP0GtL5HXGLxQ=="
  "resolved" "https://registry.npmjs.org/@ethersproject/address/-/address-5.6.0.tgz"
  "version" "5.6.0"
  dependencies:
    "@ethersproject/bignumber" "^5.6.0"
    "@ethersproject/bytes" "^5.6.0"
    "@ethersproject/keccak256" "^5.6.0"
    "@ethersproject/logger" "^5.6.0"
    "@ethersproject/rlp" "^5.6.0"

"@ethersproject/base64@^5.6.0", "@ethersproject/base64@5.6.0":
  "integrity" "sha512-2Neq8wxJ9xHxCF9TUgmKeSh9BXJ6OAxWfeGWvbauPh8FuHEjamgHilllx8KkSd5ErxyHIX7Xv3Fkcud2kY9ezw=="
  "resolved" "https://registry.npmjs.org/@ethersproject/base64/-/base64-5.6.0.tgz"
  "version" "5.6.0"
  dependencies:
    "@ethersproject/bytes" "^5.6.0"

"@ethersproject/basex@^5.6.0", "@ethersproject/basex@5.6.0":
  "integrity" "sha512-qN4T+hQd/Md32MoJpc69rOwLYRUXwjTlhHDIeUkUmiN/JyWkkLLMoG0TqvSQKNqZOMgN5stbUYN6ILC+eD7MEQ=="
  "resolved" "https://registry.npmjs.org/@ethersproject/basex/-/basex-5.6.0.tgz"
  "version" "5.6.0"
  dependencies:
    "@ethersproject/bytes" "^5.6.0"
    "@ethersproject/properties" "^5.6.0"

"@ethersproject/bignumber@^5.6.0", "@ethersproject/bignumber@5.6.0":
  "integrity" "sha512-VziMaXIUHQlHJmkv1dlcd6GY2PmT0khtAqaMctCIDogxkrarMzA9L94KN1NeXqqOfFD6r0sJT3vCTOFSmZ07DA=="
  "resolved" "https://registry.npmjs.org/@ethersproject/bignumber/-/bignumber-5.6.0.tgz"
  "version" "5.6.0"
  dependencies:
    "@ethersproject/bytes" "^5.6.0"
    "@ethersproject/logger" "^5.6.0"
    "bn.js" "^4.11.9"

"@ethersproject/bytes@^5.6.0", "@ethersproject/bytes@5.6.0":
  "integrity" "sha512-3hJPlYemb9V4VLfJF5BfN0+55vltPZSHU3QKUyP9M3Y2TcajbiRrz65UG+xVHOzBereB1b9mn7r12o177xgN7w=="
  "resolved" "https://registry.npmjs.org/@ethersproject/bytes/-/bytes-5.6.0.tgz"
  "version" "5.6.0"
  dependencies:
    "@ethersproject/logger" "^5.6.0"

"@ethersproject/constants@^5.6.0", "@ethersproject/constants@5.6.0":
  "integrity" "sha512-SrdaJx2bK0WQl23nSpV/b1aq293Lh0sUaZT/yYKPDKn4tlAbkH96SPJwIhwSwTsoQQZxuh1jnqsKwyymoiBdWA=="
  "resolved" "https://registry.npmjs.org/@ethersproject/constants/-/constants-5.6.0.tgz"
  "version" "5.6.0"
  dependencies:
    "@ethersproject/bignumber" "^5.6.0"

"@ethersproject/contracts@5.6.0":
  "integrity" "sha512-74Ge7iqTDom0NX+mux8KbRUeJgu1eHZ3iv6utv++sLJG80FVuU9HnHeKVPfjd9s3woFhaFoQGf3B3iH/FrQmgw=="
  "resolved" "https://registry.npmjs.org/@ethersproject/contracts/-/contracts-5.6.0.tgz"
  "version" "5.6.0"
  dependencies:
    "@ethersproject/abi" "^5.6.0"
    "@ethersproject/abstract-provider" "^5.6.0"
    "@ethersproject/abstract-signer" "^5.6.0"
    "@ethersproject/address" "^5.6.0"
    "@ethersproject/bignumber" "^5.6.0"
    "@ethersproject/bytes" "^5.6.0"
    "@ethersproject/constants" "^5.6.0"
    "@ethersproject/logger" "^5.6.0"
    "@ethersproject/properties" "^5.6.0"
    "@ethersproject/transactions" "^5.6.0"

"@ethersproject/hash@^5.6.0", "@ethersproject/hash@5.6.0":
  "integrity" "sha512-fFd+k9gtczqlr0/BruWLAu7UAOas1uRRJvOR84uDf4lNZ+bTkGl366qvniUZHKtlqxBRU65MkOobkmvmpHU+jA=="
  "resolved" "https://registry.npmjs.org/@ethersproject/hash/-/hash-5.6.0.tgz"
  "version" "5.6.0"
  dependencies:
    "@ethersproject/abstract-signer" "^5.6.0"
    "@ethersproject/address" "^5.6.0"
    "@ethersproject/bignumber" "^5.6.0"
    "@ethersproject/bytes" "^5.6.0"
    "@ethersproject/keccak256" "^5.6.0"
    "@ethersproject/logger" "^5.6.0"
    "@ethersproject/properties" "^5.6.0"
    "@ethersproject/strings" "^5.6.0"

"@ethersproject/hdnode@^5.6.0", "@ethersproject/hdnode@5.6.0":
  "integrity" "sha512-61g3Jp3nwDqJcL/p4nugSyLrpl/+ChXIOtCEM8UDmWeB3JCAt5FoLdOMXQc3WWkc0oM2C0aAn6GFqqMcS/mHTw=="
  "resolved" "https://registry.npmjs.org/@ethersproject/hdnode/-/hdnode-5.6.0.tgz"
  "version" "5.6.0"
  dependencies:
    "@ethersproject/abstract-signer" "^5.6.0"
    "@ethersproject/basex" "^5.6.0"
    "@ethersproject/bignumber" "^5.6.0"
    "@ethersproject/bytes" "^5.6.0"
    "@ethersproject/logger" "^5.6.0"
    "@ethersproject/pbkdf2" "^5.6.0"
    "@ethersproject/properties" "^5.6.0"
    "@ethersproject/sha2" "^5.6.0"
    "@ethersproject/signing-key" "^5.6.0"
    "@ethersproject/strings" "^5.6.0"
    "@ethersproject/transactions" "^5.6.0"
    "@ethersproject/wordlists" "^5.6.0"

"@ethersproject/json-wallets@^5.6.0", "@ethersproject/json-wallets@5.6.0":
  "integrity" "sha512-fmh86jViB9r0ibWXTQipxpAGMiuxoqUf78oqJDlCAJXgnJF024hOOX7qVgqsjtbeoxmcLwpPsXNU0WEe/16qPQ=="
  "resolved" "https://registry.npmjs.org/@ethersproject/json-wallets/-/json-wallets-5.6.0.tgz"
  "version" "5.6.0"
  dependencies:
    "@ethersproject/abstract-signer" "^5.6.0"
    "@ethersproject/address" "^5.6.0"
    "@ethersproject/bytes" "^5.6.0"
    "@ethersproject/hdnode" "^5.6.0"
    "@ethersproject/keccak256" "^5.6.0"
    "@ethersproject/logger" "^5.6.0"
    "@ethersproject/pbkdf2" "^5.6.0"
    "@ethersproject/properties" "^5.6.0"
    "@ethersproject/random" "^5.6.0"
    "@ethersproject/strings" "^5.6.0"
    "@ethersproject/transactions" "^5.6.0"
    "aes-js" "3.0.0"
    "scrypt-js" "3.0.1"

"@ethersproject/keccak256@^5.6.0", "@ethersproject/keccak256@5.6.0":
  "integrity" "sha512-tk56BJ96mdj/ksi7HWZVWGjCq0WVl/QvfhFQNeL8fxhBlGoP+L80uDCiQcpJPd+2XxkivS3lwRm3E0CXTfol0w=="
  "resolved" "https://registry.npmjs.org/@ethersproject/keccak256/-/keccak256-5.6.0.tgz"
  "version" "5.6.0"
  dependencies:
    "@ethersproject/bytes" "^5.6.0"
    "js-sha3" "0.8.0"

"@ethersproject/logger@^5.6.0", "@ethersproject/logger@5.6.0":
  "integrity" "sha512-BiBWllUROH9w+P21RzoxJKzqoqpkyM1pRnEKG69bulE9TSQD8SAIvTQqIMZmmCO8pUNkgLP1wndX1gKghSpBmg=="
  "resolved" "https://registry.npmjs.org/@ethersproject/logger/-/logger-5.6.0.tgz"
  "version" "5.6.0"

"@ethersproject/networks@^5.6.0", "@ethersproject/networks@5.6.0":
  "integrity" "sha512-DaVzgyThzHgSDLuURhvkp4oviGoGe9iTZW4jMEORHDRCgSZ9K9THGFKqL+qGXqPAYLEgZTf5z2w56mRrPR1MjQ=="
  "resolved" "https://registry.npmjs.org/@ethersproject/networks/-/networks-5.6.0.tgz"
  "version" "5.6.0"
  dependencies:
    "@ethersproject/logger" "^5.6.0"

"@ethersproject/pbkdf2@^5.6.0", "@ethersproject/pbkdf2@5.6.0":
  "integrity" "sha512-Wu1AxTgJo3T3H6MIu/eejLFok9TYoSdgwRr5oGY1LTLfmGesDoSx05pemsbrPT2gG4cQME+baTSCp5sEo2erZQ=="
  "resolved" "https://registry.npmjs.org/@ethersproject/pbkdf2/-/pbkdf2-5.6.0.tgz"
  "version" "5.6.0"
  dependencies:
    "@ethersproject/bytes" "^5.6.0"
    "@ethersproject/sha2" "^5.6.0"

"@ethersproject/properties@^5.6.0", "@ethersproject/properties@5.6.0":
  "integrity" "sha512-szoOkHskajKePTJSZ46uHUWWkbv7TzP2ypdEK6jGMqJaEt2sb0jCgfBo0gH0m2HBpRixMuJ6TBRaQCF7a9DoCg=="
  "resolved" "https://registry.npmjs.org/@ethersproject/properties/-/properties-5.6.0.tgz"
  "version" "5.6.0"
  dependencies:
    "@ethersproject/logger" "^5.6.0"

"@ethersproject/providers@5.6.0":
  "integrity" "sha512-6+5PKXTWAttJWFWF8+xCDTCa2/dtq9BNrdKQHGl0IyIOwj99vM6OeThmIRcsIAzIOb8m0XS6w+1KFZwrf3j9nw=="
  "resolved" "https://registry.npmjs.org/@ethersproject/providers/-/providers-5.6.0.tgz"
  "version" "5.6.0"
  dependencies:
    "@ethersproject/abstract-provider" "^5.6.0"
    "@ethersproject/abstract-signer" "^5.6.0"
    "@ethersproject/address" "^5.6.0"
    "@ethersproject/basex" "^5.6.0"
    "@ethersproject/bignumber" "^5.6.0"
    "@ethersproject/bytes" "^5.6.0"
    "@ethersproject/constants" "^5.6.0"
    "@ethersproject/hash" "^5.6.0"
    "@ethersproject/logger" "^5.6.0"
    "@ethersproject/networks" "^5.6.0"
    "@ethersproject/properties" "^5.6.0"
    "@ethersproject/random" "^5.6.0"
    "@ethersproject/rlp" "^5.6.0"
    "@ethersproject/sha2" "^5.6.0"
    "@ethersproject/strings" "^5.6.0"
    "@ethersproject/transactions" "^5.6.0"
    "@ethersproject/web" "^5.6.0"
    "bech32" "1.1.4"
    "ws" "7.4.6"

"@ethersproject/random@^5.6.0", "@ethersproject/random@5.6.0":
  "integrity" "sha512-si0PLcLjq+NG/XHSZz90asNf+YfKEqJGVdxoEkSukzbnBgC8rydbgbUgBbBGLeHN4kAJwUFEKsu3sCXT93YMsw=="
  "resolved" "https://registry.npmjs.org/@ethersproject/random/-/random-5.6.0.tgz"
  "version" "5.6.0"
  dependencies:
    "@ethersproject/bytes" "^5.6.0"
    "@ethersproject/logger" "^5.6.0"

"@ethersproject/rlp@^5.6.0", "@ethersproject/rlp@5.6.0":
  "integrity" "sha512-dz9WR1xpcTL+9DtOT/aDO+YyxSSdO8YIS0jyZwHHSlAmnxA6cKU3TrTd4Xc/bHayctxTgGLYNuVVoiXE4tTq1g=="
  "resolved" "https://registry.npmjs.org/@ethersproject/rlp/-/rlp-5.6.0.tgz"
  "version" "5.6.0"
  dependencies:
    "@ethersproject/bytes" "^5.6.0"
    "@ethersproject/logger" "^5.6.0"

"@ethersproject/sha2@^5.6.0", "@ethersproject/sha2@5.6.0":
  "integrity" "sha512-1tNWCPFLu1n3JM9t4/kytz35DkuF9MxqkGGEHNauEbaARdm2fafnOyw1s0tIQDPKF/7bkP1u3dbrmjpn5CelyA=="
  "resolved" "https://registry.npmjs.org/@ethersproject/sha2/-/sha2-5.6.0.tgz"
  "version" "5.6.0"
  dependencies:
    "@ethersproject/bytes" "^5.6.0"
    "@ethersproject/logger" "^5.6.0"
    "hash.js" "1.1.7"

"@ethersproject/signing-key@^5.6.0", "@ethersproject/signing-key@5.6.0":
  "integrity" "sha512-S+njkhowmLeUu/r7ir8n78OUKx63kBdMCPssePS89So1TH4hZqnWFsThEd/GiXYp9qMxVrydf7KdM9MTGPFukA=="
  "resolved" "https://registry.npmjs.org/@ethersproject/signing-key/-/signing-key-5.6.0.tgz"
  "version" "5.6.0"
  dependencies:
    "@ethersproject/bytes" "^5.6.0"
    "@ethersproject/logger" "^5.6.0"
    "@ethersproject/properties" "^5.6.0"
    "bn.js" "^4.11.9"
    "elliptic" "6.5.4"
    "hash.js" "1.1.7"

"@ethersproject/solidity@5.6.0":
  "integrity" "sha512-YwF52vTNd50kjDzqKaoNNbC/r9kMDPq3YzDWmsjFTRBcIF1y4JCQJ8gB30wsTfHbaxgxelI5BfxQSxD/PbJOww=="
  "resolved" "https://registry.npmjs.org/@ethersproject/solidity/-/solidity-5.6.0.tgz"
  "version" "5.6.0"
  dependencies:
    "@ethersproject/bignumber" "^5.6.0"
    "@ethersproject/bytes" "^5.6.0"
    "@ethersproject/keccak256" "^5.6.0"
    "@ethersproject/logger" "^5.6.0"
    "@ethersproject/sha2" "^5.6.0"
    "@ethersproject/strings" "^5.6.0"

"@ethersproject/strings@^5.6.0", "@ethersproject/strings@5.6.0":
  "integrity" "sha512-uv10vTtLTZqrJuqBZR862ZQjTIa724wGPWQqZrofaPI/kUsf53TBG0I0D+hQ1qyNtllbNzaW+PDPHHUI6/65Mg=="
  "resolved" "https://registry.npmjs.org/@ethersproject/strings/-/strings-5.6.0.tgz"
  "version" "5.6.0"
  dependencies:
    "@ethersproject/bytes" "^5.6.0"
    "@ethersproject/constants" "^5.6.0"
    "@ethersproject/logger" "^5.6.0"

"@ethersproject/transactions@^5.6.0", "@ethersproject/transactions@5.6.0":
  "integrity" "sha512-4HX+VOhNjXHZyGzER6E/LVI2i6lf9ejYeWD6l4g50AdmimyuStKc39kvKf1bXWQMg7QNVh+uC7dYwtaZ02IXeg=="
  "resolved" "https://registry.npmjs.org/@ethersproject/transactions/-/transactions-5.6.0.tgz"
  "version" "5.6.0"
  dependencies:
    "@ethersproject/address" "^5.6.0"
    "@ethersproject/bignumber" "^5.6.0"
    "@ethersproject/bytes" "^5.6.0"
    "@ethersproject/constants" "^5.6.0"
    "@ethersproject/keccak256" "^5.6.0"
    "@ethersproject/logger" "^5.6.0"
    "@ethersproject/properties" "^5.6.0"
    "@ethersproject/rlp" "^5.6.0"
    "@ethersproject/signing-key" "^5.6.0"

"@ethersproject/units@5.6.0":
  "integrity" "sha512-tig9x0Qmh8qbo1w8/6tmtyrm/QQRviBh389EQ+d8fP4wDsBrJBf08oZfoiz1/uenKK9M78yAP4PoR7SsVoTjsw=="
  "resolved" "https://registry.npmjs.org/@ethersproject/units/-/units-5.6.0.tgz"
  "version" "5.6.0"
  dependencies:
    "@ethersproject/bignumber" "^5.6.0"
    "@ethersproject/constants" "^5.6.0"
    "@ethersproject/logger" "^5.6.0"

"@ethersproject/wallet@5.6.0":
  "integrity" "sha512-qMlSdOSTyp0MBeE+r7SUhr1jjDlC1zAXB8VD84hCnpijPQiSNbxr6GdiLXxpUs8UKzkDiNYYC5DRI3MZr+n+tg=="
  "resolved" "https://registry.npmjs.org/@ethersproject/wallet/-/wallet-5.6.0.tgz"
  "version" "5.6.0"
  dependencies:
    "@ethersproject/abstract-provider" "^5.6.0"
    "@ethersproject/abstract-signer" "^5.6.0"
    "@ethersproject/address" "^5.6.0"
    "@ethersproject/bignumber" "^5.6.0"
    "@ethersproject/bytes" "^5.6.0"
    "@ethersproject/hash" "^5.6.0"
    "@ethersproject/hdnode" "^5.6.0"
    "@ethersproject/json-wallets" "^5.6.0"
    "@ethersproject/keccak256" "^5.6.0"
    "@ethersproject/logger" "^5.6.0"
    "@ethersproject/properties" "^5.6.0"
    "@ethersproject/random" "^5.6.0"
    "@ethersproject/signing-key" "^5.6.0"
    "@ethersproject/transactions" "^5.6.0"
    "@ethersproject/wordlists" "^5.6.0"

"@ethersproject/web@^5.6.0", "@ethersproject/web@5.6.0":
  "integrity" "sha512-G/XHj0hV1FxI2teHRfCGvfBUHFmU+YOSbCxlAMqJklxSa7QMiHFQfAxvwY2PFqgvdkxEKwRNr/eCjfAPEm2Ctg=="
  "resolved" "https://registry.npmjs.org/@ethersproject/web/-/web-5.6.0.tgz"
  "version" "5.6.0"
  dependencies:
    "@ethersproject/base64" "^5.6.0"
    "@ethersproject/bytes" "^5.6.0"
    "@ethersproject/logger" "^5.6.0"
    "@ethersproject/properties" "^5.6.0"
    "@ethersproject/strings" "^5.6.0"

"@ethersproject/wordlists@^5.6.0", "@ethersproject/wordlists@5.6.0":
  "integrity" "sha512-q0bxNBfIX3fUuAo9OmjlEYxP40IB8ABgb7HjEZCL5IKubzV3j30CWi2rqQbjTS2HfoyQbfINoKcTVWP4ejwR7Q=="
  "resolved" "https://registry.npmjs.org/@ethersproject/wordlists/-/wordlists-5.6.0.tgz"
  "version" "5.6.0"
  dependencies:
    "@ethersproject/bytes" "^5.6.0"
    "@ethersproject/hash" "^5.6.0"
    "@ethersproject/logger" "^5.6.0"
    "@ethersproject/properties" "^5.6.0"
    "@ethersproject/strings" "^5.6.0"

"@redwood.dev/client@0.3.12":
  "integrity" "sha512-4hEm6eR9Ownsbt1PgySmOJWFIvSldHwl59Ab9+CjQ/1wm4Rqoy9Sz9V6HE1Vwl/M2gAXvn4h6ejd2XsiLQPBAw=="
  "resolved" "https://registry.npmjs.org/@redwood.dev/client/-/client-0.3.12.tgz"
  "version" "0.3.12"
  dependencies:
    "@babel/polyfill" "^7.12.1"
    "@types/json-stable-stringify" "^1.0.32"
    "@types/react" "^17.0.2"
    "@types/ws" "^8.5.2"
    "buffer" "^6.0.3"
    "ethers" "^5.0.31"
    "form-data" "^4.0.0"
    "isomorphic-ws" "^4.0.1"
    "json-stable-stringify" "^1.0.1"
    "lodash" "^4.17.21"
    "node-fetch" "^2.6.1"
    "ws" "^8.2.3"

"@types/json-stable-stringify@^1.0.32":
  "integrity" "sha512-s2cfwagOQAS8o06TcwKfr9Wx11dNGbH2E9vJz1cqV+a/LOyhWNLUNd6JSRYNzvB4d29UuJX2M0Dj9vE1T8fRXw=="
  "resolved" "https://registry.npmjs.org/@types/json-stable-stringify/-/json-stable-stringify-1.0.34.tgz"
  "version" "1.0.34"

"@types/node@*":
  "integrity" "sha512-DBZCJbhII3r90XbQxI8Y9IjjiiOGlZ0Hr32omXIZvwwZ7p4DMMXGrKXVyPfuoBOri9XNtL0UK69jYIBIsRX3QQ=="
  "resolved" "https://registry.npmjs.org/@types/node/-/node-17.0.21.tgz"
  "version" "17.0.21"

"@types/prop-types@*":
  "integrity" "sha512-rZ5drC/jWjrArrS8BR6SIr4cWpW09RNTYt9AMZo3Jwwif+iacXAqgVjm0B0Bv/S1jhDXKHqRVNCbACkJ89RAnQ=="
  "resolved" "https://registry.npmjs.org/@types/prop-types/-/prop-types-15.7.4.tgz"
  "version" "15.7.4"

"@types/react@^17.0.2":
  "integrity" "sha512-UrXhD/JyLH+W70nNSufXqMZNuUD2cXHu6UjCllC6pmOQgBX4SGXOH8fjRka0O0Ee0HrFxapDD8Bwn81Kmiz6jQ=="
  "resolved" "https://registry.npmjs.org/@types/react/-/react-17.0.40.tgz"
  "version" "17.0.40"
  dependencies:
    "@types/prop-types" "*"
    "@types/scheduler" "*"
    "csstype" "^3.0.2"

"@types/scheduler@*":
  "integrity" "sha512-hppQEBDmlwhFAXKJX2KnWLYu5yMfi91yazPb2l+lbJiwW+wdo1gNeRA+3RgNSO39WYX2euey41KEwnqesU2Jew=="
  "resolved" "https://registry.npmjs.org/@types/scheduler/-/scheduler-0.16.2.tgz"
  "version" "0.16.2"

"@types/ws@^8.5.2":
  "integrity" "sha512-6YOoWjruKj1uLf3INHH7D3qTXwFfEsg1kf3c0uDdSBJwfa/llkwIjrAGV7j7mVgGNbzTQ3HiHKKDXl6bJPD97w=="
  "resolved" "https://registry.npmjs.org/@types/ws/-/ws-8.5.3.tgz"
  "version" "8.5.3"
  dependencies:
    "@types/node" "*"

"aes-js@3.0.0":
  "integrity" "sha1-4h3xCtbCBTKVvLuNq0Cwnb6ofk0= sha512-H7wUZRn8WpTq9jocdxQ2c8x2sKo9ZVmzfRE13GiNJXfp7NcKYEdvl3vspKjXox6RIG2VtaRe4JFvxG4rqp2Zuw=="
  "resolved" "https://registry.npmjs.org/aes-js/-/aes-js-3.0.0.tgz"
  "version" "3.0.0"

"asynckit@^0.4.0":
  "integrity" "sha512-Oei9OH4tRh0YqU3GxhX79dM/mwVgvbZJaSNaRk+bshkj0S5cfHcgYakreBjrHwatXKbz+IoIdYLxrKim2MjW0Q=="
  "resolved" "https://registry.npmjs.org/asynckit/-/asynckit-0.4.0.tgz"
  "version" "0.4.0"

"base64-js@^1.3.1":
  "integrity" "sha512-AKpaYlHn8t4SVbOHCy+b5+KKgvR4vrsD8vbvrbiQJps7fKDTkjkDry6ji0rUJjC0kzbNePLwzxq8iypo41qeWA=="
  "resolved" "https://registry.npmjs.org/base64-js/-/base64-js-1.5.1.tgz"
  "version" "1.5.1"

"bech32@1.1.4":
  "integrity" "sha512-s0IrSOzLlbvX7yp4WBfPITzpAU8sqQcpsmwXDiKwrG4r491vwCO/XpejasRNl0piBMe/DvP4Tz0mIS/X1DPJBQ=="
  "resolved" "https://registry.npmjs.org/bech32/-/bech32-1.1.4.tgz"
  "version" "1.1.4"

"bn.js@^4.11.9":
  "integrity" "sha512-c98Bf3tPniI+scsdk237ku1Dc3ujXQTSgyiPUDEOe7tRkhrqridvh8klBv0HCEso1OLOYcHuCv/cS6DNxKH+ZA=="
  "resolved" "https://registry.npmjs.org/bn.js/-/bn.js-4.12.0.tgz"
  "version" "4.12.0"

"brorand@^1.1.0":
  "integrity" "sha1-EsJe/kCkXjwyPrhnWgoM5XsiNx8= sha512-cKV8tMCEpQs4hK/ik71d6LrPOnpkpGBR0wzxqr68g2m/LB2GxVYQroAjMJZRVM1Y4BCjCKc3vAamxSzOY2RP+w=="
  "resolved" "https://registry.npmjs.org/brorand/-/brorand-1.1.0.tgz"
  "version" "1.1.0"

"buffer@^6.0.3":
  "integrity" "sha512-FTiCpNxtwiZZHEZbcbTIcZjERVICn9yq/pDFkTl95/AxzD1naBctN7YO68riM/gLSDY7sdrMby8hofADYuuqOA=="
  "resolved" "https://registry.npmjs.org/buffer/-/buffer-6.0.3.tgz"
  "version" "6.0.3"
  dependencies:
    "base64-js" "^1.3.1"
    "ieee754" "^1.2.1"

"combined-stream@^1.0.8":
  "integrity" "sha512-FQN4MRfuJeHf7cBbBMJFXhKSDq+2kAArBlmRBvcvFE5BB1HZKXtSFASDhdlz9zOYwxh8lDdnvmMOe/+5cdoEdg=="
  "resolved" "https://registry.npmjs.org/combined-stream/-/combined-stream-1.0.8.tgz"
  "version" "1.0.8"
  dependencies:
    "delayed-stream" "~1.0.0"

"core-js@^2.6.5":
  "integrity" "sha512-Kb2wC0fvsWfQrgk8HU5lW6U/Lcs8+9aaYcy4ZFc6DDlo4nZ7n70dEgE5rtR0oG6ufKDUnrwfWL1mXR5ljDatrQ=="
  "resolved" "https://registry.npmjs.org/core-js/-/core-js-2.6.12.tgz"
  "version" "2.6.12"

"csstype@^3.0.2":
  "integrity" "sha512-sa6P2wJ+CAbgyy4KFssIb/JNMLxFvKF1pCYCSXS8ZMuqZnMsrxqI2E5sPyoTpxoPU/gVZMzr2zjOfg8GIZOMsw=="
  "resolved" "https://registry.npmjs.org/csstype/-/csstype-3.0.11.tgz"
  "version" "3.0.11"

"delayed-stream@~1.0.0":
  "integrity" "sha512-ZySD7Nf91aLB0RxL4KGrKHBXl7Eds1DAmEdcoVawXnLD7SDhpNgtuII2aAkg7a7QS41jxPSZ17p4VdGnMHk3MQ=="
  "resolved" "https://registry.npmjs.org/delayed-stream/-/delayed-stream-1.0.0.tgz"
  "version" "1.0.0"

"elliptic@6.5.4":
  "integrity" "sha512-iLhC6ULemrljPZb+QutR5TQGB+pdW6KGD5RSegS+8sorOZT+rdQFbsQFJgvN3eRqNALqJer4oQ16YvJHlU8hzQ=="
  "resolved" "https://registry.npmjs.org/elliptic/-/elliptic-6.5.4.tgz"
  "version" "6.5.4"
  dependencies:
    "bn.js" "^4.11.9"
    "brorand" "^1.1.0"
    "hash.js" "^1.0.0"
    "hmac-drbg" "^1.0.1"
    "inherits" "^2.0.4"
    "minimalistic-assert" "^1.0.1"
    "minimalistic-crypto-utils" "^1.0.1"

"ethers@^5.0.31":
  "integrity" "sha512-00FP71jt6bW3ndO5DhgH9mLIZhoCGnAKFLu8qig5KmV03ubEChKf2ilB3g6fX512tTYo+tSMDJ5WpCJWdBHkBQ=="
  "resolved" "https://registry.npmjs.org/ethers/-/ethers-5.6.0.tgz"
  "version" "5.6.0"
  dependencies:
    "@ethersproject/abi" "5.6.0"
    "@ethersproject/abstract-provider" "5.6.0"
    "@ethersproject/abstract-signer" "5.6.0"
    "@ethersproject/address" "5.6.0"
    "@ethersproject/base64" "5.6.0"
    "@ethersproject/basex" "5.6.0"
    "@ethersproject/bignumber" "5.6.0"
    "@ethersproject/bytes" "5.6.0"
    "@ethersproject/constants" "5.6.0"
    "@ethersproject/contracts" "5.6.0"
    "@ethersproject/hash" "5.6.0"
    "@ethersproject/hdnode" "5.6.0"
    "@ethersproject/json-wallets" "5.6.0"
    "@ethersproject/keccak256" "5.6.0"
    "@ethersproject/logger" "5.6.0"
    "@ethersproject/networks" "5.6.0"
    "@ethersproject/pbkdf2" "5.6.0"
    "@ethersproject/properties" "5.6.0"
    "@ethersproject/providers" "5.6.0"
    "@ethersproject/random" "5.6.0"
    "@ethersproject/rlp" "5.6.0"
    "@ethersproject/sha2" "5.6.0"
    "@ethersproject/signing-key" "5.6.0"
    "@ethersproject/solidity" "5.6.0"
    "@ethersproject/strings" "5.6.0"
    "@ethersproject/transactions" "5.6.0"
    "@ethersproject/units" "5.6.0"
    "@ethersproject/wallet" "5.6.0"
    "@ethersproject/web" "5.6.0"
    "@ethersproject/wordlists" "5.6.0"

"form-data@^4.0.0":
  "integrity" "sha512-ETEklSGi5t0QMZuiXoA/Q6vcnxcLQP5vdugSpuAyi6SVGi2clPPp+xgEhuMaHC+zGgn31Kd235W35f7Hykkaww=="
  "resolved" "https://registry.npmjs.org/form-data/-/form-data-4.0.0.tgz"
  "version" "4.0.0"
  dependencies:
    "asynckit" "^0.4.0"
    "combined-stream" "^1.0.8"
    "mime-types" "^2.1.12"

"hash.js@^1.0.0", "hash.js@^1.0.3", "hash.js@1.1.7":
  "integrity" "sha512-taOaskGt4z4SOANNseOviYDvjEJinIkRgmp7LbKP2YTTmVxWBl87s/uzK9r+44BclBSp2X7K1hqeNfz9JbBeXA=="
  "resolved" "https://registry.npmjs.org/hash.js/-/hash.js-1.1.7.tgz"
  "version" "1.1.7"
  dependencies:
    "inherits" "^2.0.3"
    "minimalistic-assert" "^1.0.1"

"hmac-drbg@^1.0.1":
  "integrity" "sha1-0nRXAQJabHdabFRXk+1QL8DGSaE= sha512-Tti3gMqLdZfhOQY1Mzf/AanLiqh1WTiJgEj26ZuYQ9fbkLomzGchCws4FyrSd4VkpBfiNhaE1On+lOz894jvXg=="
  "resolved" "https://registry.npmjs.org/hmac-drbg/-/hmac-drbg-1.0.1.tgz"
  "version" "1.0.1"
  dependencies:
    "hash.js" "^1.0.3"
    "minimalistic-assert" "^1.0.0"
    "minimalistic-crypto-utils" "^1.0.1"

"ieee754@^1.2.1":
  "integrity" "sha512-dcyqhDvX1C46lXZcVqCpK+FtMRQVdIMN6/Df5js2zouUsqG7I6sFxitIC+7KYK29KdXOLHdu9zL4sFnoVQnqaA=="
  "resolved" "https://registry.npmjs.org/ieee754/-/ieee754-1.2.1.tgz"
  "version" "1.2.1"

"inherits@^2.0.3", "inherits@^2.0.4":
  "integrity" "sha512-k/vGaX4/Yla3WzyMCvTQOXYeIHvqOKtnqBduzTHpzpQZzAskKMhZ2K+EnBiSM9zGSoIFeMpXKxa4dYeZIQqewQ=="
  "resolved" "https://registry.npmjs.org/inherits/-/inherits-2.0.4.tgz"
  "version" "2.0.4"

"isomorphic-ws@^4.0.1":
  "integrity" "sha512-BhBvN2MBpWTaSHdWRb/bwdZJ1WaehQ2L1KngkCkfLUGF0mAWAT1sQUQacEmQ0jXkFw/czDXPNQSL5u2/Krsz1w=="
  "resolved" "https://registry.npmjs.org/isomorphic-ws/-/isomorphic-ws-4.0.1.tgz"
  "version" "4.0.1"

"js-sha3@0.8.0":
  "integrity" "sha512-gF1cRrHhIzNfToc802P800N8PpXS+evLLXfsVpowqmAFR9uwbi89WvXg2QspOmXL8QL86J4T1EpFu+yUkwJY3Q=="
  "resolved" "https://registry.npmjs.org/js-sha3/-/js-sha3-0.8.0.tgz"
  "version" "0.8.0"

"json-stable-stringify@^1.0.1":
  "integrity" "sha1-mnWdOcXy/1A/1TAGRu1EX4jE+a8= sha512-i/J297TW6xyj7sDFa7AmBPkQvLIxWr2kKPWI26tXydnZrzVAocNqn5DMNT1Mzk0vit1V5UkRM7C1KdVNp7Lmcg=="
  "resolved" "https://registry.npmjs.org/json-stable-stringify/-/json-stable-stringify-1.0.1.tgz"
  "version" "1.0.1"
  dependencies:
    "jsonify" "~0.0.0"

"jsonify@~0.0.0":
  "integrity" "sha1-LHS27kHZPKUbe1qu6PUDYx0lKnM= sha512-trvBk1ki43VZptdBI5rIlG4YOzyeH/WefQt5rj1grasPn4iiZWKet8nkgc4GlsAylaztn0qZfUYOiTsASJFdNA=="
  "resolved" "https://registry.npmjs.org/jsonify/-/jsonify-0.0.0.tgz"
  "version" "0.0.0"

"lodash@^4.17.21":
  "integrity" "sha512-v2kDEe57lecTulaDIuNTPy3Ry4gLGJ6Z1O3vE1krgXZNrsQ+LFTGHVxVjcXPs17LhbZVGedAJv8XZ1tvj5FvSg=="
  "resolved" "https://registry.npmjs.org/lodash/-/lodash-4.17.21.tgz"
  "version" "4.17.21"

"mime-db@1.52.0":
  "integrity" "sha512-sPU4uV7dYlvtWJxwwxHD0PuihVNiE7TyAbQ5SWxDCB9mUYvOgroQOwYQQOKPJ8CIbE+1ETVlOoK1UC2nU3gYvg=="
  "resolved" "https://registry.npmjs.org/mime-db/-/mime-db-1.52.0.tgz"
  "version" "1.52.0"

"mime-types@^2.1.12":
  "integrity" "sha512-ZDY+bPm5zTTF+YpCrAU9nK0UgICYPT0QtT1NZWFv4s++TNkcgVaT0g6+4R2uI4MjQjzysHB1zxuWL50hzaeXiw=="
  "resolved" "https://registry.npmjs.org/mime-types/-/mime-types-2.1.35.tgz"
  "version" "2.1.35"
  dependencies:
    "mime-db" "1.52.0"

"minimalistic-assert@^1.0.0", "minimalistic-assert@^1.0.1":
  "integrity" "sha512-UtJcAD4yEaGtjPezWuO9wC4nwUnVH/8/Im3yEHQP4b67cXlD/Qr9hdITCU1xDbSEXg2XKNaP8jsReV7vQd00/A=="
  "resolved" "https://registry.npmjs.org/minimalistic-assert/-/minimalistic-assert-1.0.1.tgz"
  "version" "1.0.1"

"minimalistic-crypto-utils@^1.0.1":
  "integrity" "sha1-9sAMHAsIIkblxNmd+4x8CDsrWCo= sha512-JIYlbt6g8i5jKfJ3xz7rF0LXmv2TkDxBLUkiBeZ7bAx4GnnNMr8xFpGnOxn6GhTEHx3SjRrZEoU+j04prX1ktg=="
  "resolved" "https://registry.npmjs.org/minimalistic-crypto-utils/-/minimalistic-crypto-utils-1.0.1.tgz"
  "version" "1.0.1"

"node-fetch@^2.6.1":
  "integrity" "sha512-ZjMPFEfVx5j+y2yF35Kzx5sF7kDzxuDj6ziH4FFbOp87zKDZNx8yExJIb05OGF4Nlt9IHFIMBkRl41VdvcNdbQ=="
  "resolved" "https://registry.npmjs.org/node-fetch/-/node-fetch-2.6.7.tgz"
  "version" "2.6.7"
  dependencies:
    "whatwg-url" "^5.0.0"

"regenerator-runtime@^0.13.4":
  "integrity" "sha512-p3VT+cOEgxFsRRA9X4lkI1E+k2/CtnKtU4gcxyaCUreilL/vqI6CdZ3wxVUx3UOUg+gnUOQQcRI7BmSI656MYA=="
  "resolved" "https://registry.npmjs.org/regenerator-runtime/-/regenerator-runtime-0.13.9.tgz"
  "version" "0.13.9"

"scrypt-js@3.0.1":
  "integrity" "sha512-cdwTTnqPu0Hyvf5in5asVdZocVDTNRmR7XEcJuIzMjJeSHybHl7vpB66AzwTaIg6CLSbtjcxc8fqcySfnTkccA=="
  "resolved" "https://registry.npmjs.org/scrypt-js/-/scrypt-js-3.0.1.tgz"
  "version" "3.0.1"

"tr46@~0.0.3":
  "integrity" "sha1-gYT9NH2snNwYWZLzpmIuFLnZq2o= sha512-N3WMsuqV66lT30CrXNbEjx4GEwlow3v6rr4mCcv6prnfwhS01rkgyFdjPNBYd9br7LpXV1+Emh01fHnq2Gdgrw=="
  "resolved" "https://registry.npmjs.org/tr46/-/tr46-0.0.3.tgz"
  "version" "0.0.3"

"webidl-conversions@^3.0.0":
  "integrity" "sha1-JFNCdeKnvGvnvIZhHMFq4KVlSHE= sha512-2JAn3z8AR6rjK8Sm8orRC0h/bcl/DqL7tRPdGZ4I1CjdF+EaMLmYxBHyXuKL849eucPFhvBoxMsflfOb8kxaeQ=="
  "resolved" "https://registry.npmjs.org/webidl-conversions/-/webidl-conversions-3.0.1.tgz"
  "version" "3.0.1"

"whatwg-url@^5.0.0":
  "integrity" "sha1-lmRU6HZUYuN2RNNib2dCzotwll0= sha512-saE57nupxk6v3HY35+jzBwYa0rKSy0XR8JSxZPwgLr7ys0IBzhGviA1/TUGJLmSVqs8pb9AnvICXEuOHLprYTw=="
  "resolved" "https://registry.npmjs.org/whatwg-url/-/whatwg-url-5.0.0.tgz"
  "version" "5.0.0"
  dependencies:
    "tr46" "~0.0.3"
    "webidl-conversions" "^3.0.0"

"ws@*", "ws@^8.2.3":
  "integrity" "sha512-BWX0SWVgLPzYwF8lTzEy1egjhS4S4OEAHfsO8o65WOVsrnSRGaSiUaa9e0ggGlkMTtBlmOpEXiie9RUcBO86qg=="
  "resolved" "https://registry.npmjs.org/ws/-/ws-8.5.0.tgz"
  "version" "8.5.0"

"ws@7.4.6":
  "integrity" "sha512-YmhHDO4MzaDLB+M9ym/mDA5z0naX8j7SIlT8f8z+I0VtzsRbekxEutHSme7NPS2qE8StCYQNUnfWdXta/Yu85A=="
  "resolved" "https://registry.npmjs.org/ws/-/ws-7.4.6.tgz"
  "version" "7.4.6"
