{
  "name": "desktop-chat-app",
  "version": "1.0.0",
  "lockfileVersion": 1,
  "requires": true,
  "dependencies": {
    "@ethersproject/abi": {
      "version": "5.1.0",
      "resolved": "https://registry.npmjs.org/@ethersproject/abi/-/abi-5.1.0.tgz",
      "integrity": "sha512-N/W9Sbn1/C6Kh2kuHRjf/hX6euMK4+9zdJRBB8sDWmihVntjUAfxbusGZKzDQD8i3szAHhTz8K7XADV5iFNfJw==",
      "requires": {
        "@ethersproject/address": "^5.1.0",
        "@ethersproject/bignumber": "^5.1.0",
        "@ethersproject/bytes": "^5.1.0",
        "@ethersproject/constants": "^5.1.0",
        "@ethersproject/hash": "^5.1.0",
        "@ethersproject/keccak256": "^5.1.0",
        "@ethersproject/logger": "^5.1.0",
        "@ethersproject/properties": "^5.1.0",
        "@ethersproject/strings": "^5.1.0"
      }
    },
    "@ethersproject/abstract-provider": {
      "version": "5.1.0",
      "resolved": "https://registry.npmjs.org/@ethersproject/abstract-provider/-/abstract-provider-5.1.0.tgz",
      "integrity": "sha512-8dJUnT8VNvPwWhYIau4dwp7qe1g+KgdRm4XTWvjkI9gAT2zZa90WF5ApdZ3vl1r6NDmnn6vUVvyphClRZRteTQ==",
      "requires": {
        "@ethersproject/bignumber": "^5.1.0",
        "@ethersproject/bytes": "^5.1.0",
        "@ethersproject/logger": "^5.1.0",
        "@ethersproject/networks": "^5.1.0",
        "@ethersproject/properties": "^5.1.0",
        "@ethersproject/transactions": "^5.1.0",
        "@ethersproject/web": "^5.1.0"
      }
    },
    "@ethersproject/abstract-signer": {
      "version": "5.1.0",
      "resolved": "https://registry.npmjs.org/@ethersproject/abstract-signer/-/abstract-signer-5.1.0.tgz",
      "integrity": "sha512-qQDMkjGZSSJSKl6AnfTgmz9FSnzq3iEoEbHTYwjDlEAv+LNP7zd4ixCcVWlWyk+2siud856M5CRhAmPdupeN9w==",
      "requires": {
        "@ethersproject/abstract-provider": "^5.1.0",
        "@ethersproject/bignumber": "^5.1.0",
        "@ethersproject/bytes": "^5.1.0",
        "@ethersproject/logger": "^5.1.0",
        "@ethersproject/properties": "^5.1.0"
      }
    },
    "@ethersproject/address": {
      "version": "5.1.0",
      "resolved": "https://registry.npmjs.org/@ethersproject/address/-/address-5.1.0.tgz",
      "integrity": "sha512-rfWQR12eHn2cpstCFS4RF7oGjfbkZb0oqep+BfrT+gWEGWG2IowJvIsacPOvzyS1jhNF4MQ4BS59B04Mbovteg==",
      "requires": {
        "@ethersproject/bignumber": "^5.1.0",
        "@ethersproject/bytes": "^5.1.0",
        "@ethersproject/keccak256": "^5.1.0",
        "@ethersproject/logger": "^5.1.0",
        "@ethersproject/rlp": "^5.1.0"
      }
    },
    "@ethersproject/base64": {
      "version": "5.1.0",
      "resolved": "https://registry.npmjs.org/@ethersproject/base64/-/base64-5.1.0.tgz",
      "integrity": "sha512-npD1bLvK4Bcxz+m4EMkx+F8Rd7CnqS9DYnhNu0/GlQBXhWjvfoAZzk5HJ0f1qeyp8d+A86PTuzLOGOXf4/CN8g==",
      "requires": {
        "@ethersproject/bytes": "^5.1.0"
      }
    },
    "@ethersproject/basex": {
      "version": "5.1.0",
      "resolved": "https://registry.npmjs.org/@ethersproject/basex/-/basex-5.1.0.tgz",
      "integrity": "sha512-vBKr39bum7DDbOvkr1Sj19bRMEPA4FnST6Utt6xhDzI7o7L6QNkDn2yrCfP+hnvJGhZFKtLygWwqlTBZoBXYLg==",
      "requires": {
        "@ethersproject/bytes": "^5.1.0",
        "@ethersproject/properties": "^5.1.0"
      }
    },
    "@ethersproject/bignumber": {
      "version": "5.1.0",
      "resolved": "https://registry.npmjs.org/@ethersproject/bignumber/-/bignumber-5.1.0.tgz",
      "integrity": "sha512-wUvQlhTjPjFXIdLPOuTrFeQmSa6Wvls1bGXQNQWvB/SEn1NsTCE8PmumIEZxmOPjSHl1eV2uyHP5jBm5Cgj92Q==",
      "requires": {
        "@ethersproject/bytes": "^5.1.0",
        "@ethersproject/logger": "^5.1.0",
        "bn.js": "^4.4.0"
      }
    },
    "@ethersproject/bytes": {
      "version": "5.1.0",
      "resolved": "https://registry.npmjs.org/@ethersproject/bytes/-/bytes-5.1.0.tgz",
      "integrity": "sha512-sGTxb+LVjFxJcJeUswAIK6ncgOrh3D8c192iEJd7mLr95V6du119rRfYT/b87WPkZ5I3gRBUYIYXtdgCWACe8g==",
      "requires": {
        "@ethersproject/logger": "^5.1.0"
      }
    },
    "@ethersproject/constants": {
      "version": "5.1.0",
      "resolved": "https://registry.npmjs.org/@ethersproject/constants/-/constants-5.1.0.tgz",
      "integrity": "sha512-0/SuHrxc8R8k+JiLmJymxHJbojUDWBQqO+b+XFdwaP0jGzqC09YDy/CAlSZB6qHsBifY8X3I89HcK/oMqxRdBw==",
      "requires": {
        "@ethersproject/bignumber": "^5.1.0"
      }
    },
    "@ethersproject/contracts": {
      "version": "5.1.0",
      "resolved": "https://registry.npmjs.org/@ethersproject/contracts/-/contracts-5.1.0.tgz",
      "integrity": "sha512-dvTMs/4XGSc57cYOW0KjgX1NdTujUu7mNb6PQdJWg08m9ULzPyGZuBkFJnijBcp6vTOCQ59RwjboWgNWw393og==",
      "requires": {
        "@ethersproject/abi": "^5.1.0",
        "@ethersproject/abstract-provider": "^5.1.0",
        "@ethersproject/abstract-signer": "^5.1.0",
        "@ethersproject/address": "^5.1.0",
        "@ethersproject/bignumber": "^5.1.0",
        "@ethersproject/bytes": "^5.1.0",
        "@ethersproject/constants": "^5.1.0",
        "@ethersproject/logger": "^5.1.0",
        "@ethersproject/properties": "^5.1.0",
        "@ethersproject/transactions": "^5.1.0"
      }
    },
    "@ethersproject/hash": {
      "version": "5.1.0",
      "resolved": "https://registry.npmjs.org/@ethersproject/hash/-/hash-5.1.0.tgz",
      "integrity": "sha512-fNwry20yLLPpnRRwm3fBL+2ksgO+KMadxM44WJmRIoTKzy4269+rbq9KFoe2LTqq2CXJM2CE70beGaNrpuqflQ==",
      "requires": {
        "@ethersproject/abstract-signer": "^5.1.0",
        "@ethersproject/address": "^5.1.0",
        "@ethersproject/bignumber": "^5.1.0",
        "@ethersproject/bytes": "^5.1.0",
        "@ethersproject/keccak256": "^5.1.0",
        "@ethersproject/logger": "^5.1.0",
        "@ethersproject/properties": "^5.1.0",
        "@ethersproject/strings": "^5.1.0"
      }
    },
    "@ethersproject/hdnode": {
      "version": "5.1.0",
      "resolved": "https://registry.npmjs.org/@ethersproject/hdnode/-/hdnode-5.1.0.tgz",
      "integrity": "sha512-obIWdlujloExPHWJGmhJO/sETOOo7SEb6qemV4f8kyFoXg+cJK+Ta9SvBrj7hsUK85n3LZeZJZRjjM7oez3Clg==",
      "requires": {
        "@ethersproject/abstract-signer": "^5.1.0",
        "@ethersproject/basex": "^5.1.0",
        "@ethersproject/bignumber": "^5.1.0",
        "@ethersproject/bytes": "^5.1.0",
        "@ethersproject/logger": "^5.1.0",
        "@ethersproject/pbkdf2": "^5.1.0",
        "@ethersproject/properties": "^5.1.0",
        "@ethersproject/sha2": "^5.1.0",
        "@ethersproject/signing-key": "^5.1.0",
        "@ethersproject/strings": "^5.1.0",
        "@ethersproject/transactions": "^5.1.0",
        "@ethersproject/wordlists": "^5.1.0"
      }
    },
    "@ethersproject/json-wallets": {
      "version": "5.1.0",
      "resolved": "https://registry.npmjs.org/@ethersproject/json-wallets/-/json-wallets-5.1.0.tgz",
      "integrity": "sha512-00n2iBy27w8zrGZSiU762UOVuzCQZxUZxopsZC47++js6xUFuI74DHcJ5K/2pddlF1YBskvmMuboEu1geK8mnA==",
      "requires": {
        "@ethersproject/abstract-signer": "^5.1.0",
        "@ethersproject/address": "^5.1.0",
        "@ethersproject/bytes": "^5.1.0",
        "@ethersproject/hdnode": "^5.1.0",
        "@ethersproject/keccak256": "^5.1.0",
        "@ethersproject/logger": "^5.1.0",
        "@ethersproject/pbkdf2": "^5.1.0",
        "@ethersproject/properties": "^5.1.0",
        "@ethersproject/random": "^5.1.0",
        "@ethersproject/strings": "^5.1.0",
        "@ethersproject/transactions": "^5.1.0",
        "aes-js": "3.0.0",
        "scrypt-js": "3.0.1"
      }
    },
    "@ethersproject/keccak256": {
      "version": "5.1.0",
      "resolved": "https://registry.npmjs.org/@ethersproject/keccak256/-/keccak256-5.1.0.tgz",
      "integrity": "sha512-vrTB1W6AEYoadww5c9UyVJ2YcSiyIUTNDRccZIgwTmFFoSHwBtcvG1hqy9RzJ1T0bMdATbM9Hfx2mJ6H0i7Hig==",
      "requires": {
        "@ethersproject/bytes": "^5.1.0",
        "js-sha3": "0.5.7"
      }
    },
    "@ethersproject/logger": {
      "version": "5.1.0",
      "resolved": "https://registry.npmjs.org/@ethersproject/logger/-/logger-5.1.0.tgz",
      "integrity": "sha512-wtUaD1lBX10HBXjjKV9VHCBnTdUaKQnQ2XSET1ezglqLdPdllNOIlLfhyCRqXm5xwcjExVI5ETokOYfjPtaAlw=="
    },
    "@ethersproject/networks": {
      "version": "5.1.0",
      "resolved": "https://registry.npmjs.org/@ethersproject/networks/-/networks-5.1.0.tgz",
      "integrity": "sha512-A/NIrIED/G/IgU1XUukOA3WcFRxn2I4O5GxsYGA5nFlIi+UZWdGojs85I1VXkR1gX9eFnDXzjE6OtbgZHjFhIA==",
      "requires": {
        "@ethersproject/logger": "^5.1.0"
      }
    },
    "@ethersproject/pbkdf2": {
      "version": "5.1.0",
      "resolved": "https://registry.npmjs.org/@ethersproject/pbkdf2/-/pbkdf2-5.1.0.tgz",
      "integrity": "sha512-B8cUbHHTgs8OtgJIafrRcz/YPDobVd5Ru8gTnShOiM9EBuFpYHQpq3+8iQJ6pyczDu6HP/oc/njAsIBhwFZYew==",
      "requires": {
        "@ethersproject/bytes": "^5.1.0",
        "@ethersproject/sha2": "^5.1.0"
      }
    },
    "@ethersproject/properties": {
      "version": "5.1.0",
      "resolved": "https://registry.npmjs.org/@ethersproject/properties/-/properties-5.1.0.tgz",
      "integrity": "sha512-519KKTwgmH42AQL3+GFV3SX6khYEfHsvI6v8HYejlkigSDuqttdgVygFTDsGlofNFchhDwuclrxQnD5B0YLNMg==",
      "requires": {
        "@ethersproject/logger": "^5.1.0"
      }
    },
    "@ethersproject/providers": {
      "version": "5.1.0",
      "resolved": "https://registry.npmjs.org/@ethersproject/providers/-/providers-5.1.0.tgz",
      "integrity": "sha512-FjpZL2lSXrYpQDg2fMjugZ0HjQD9a+2fOOoRhhihh+Z+qi/xZ8vIlPoumrEP1DzIG4DBV6liUqLNqnX2C6FIAA==",
      "requires": {
        "@ethersproject/abstract-provider": "^5.1.0",
        "@ethersproject/abstract-signer": "^5.1.0",
        "@ethersproject/address": "^5.1.0",
        "@ethersproject/basex": "^5.1.0",
        "@ethersproject/bignumber": "^5.1.0",
        "@ethersproject/bytes": "^5.1.0",
        "@ethersproject/constants": "^5.1.0",
        "@ethersproject/hash": "^5.1.0",
        "@ethersproject/logger": "^5.1.0",
        "@ethersproject/networks": "^5.1.0",
        "@ethersproject/properties": "^5.1.0",
        "@ethersproject/random": "^5.1.0",
        "@ethersproject/rlp": "^5.1.0",
        "@ethersproject/sha2": "^5.1.0",
        "@ethersproject/strings": "^5.1.0",
        "@ethersproject/transactions": "^5.1.0",
        "@ethersproject/web": "^5.1.0",
        "bech32": "1.1.4",
        "ws": "7.2.3"
      }
    },
    "@ethersproject/random": {
      "version": "5.1.0",
      "resolved": "https://registry.npmjs.org/@ethersproject/random/-/random-5.1.0.tgz",
      "integrity": "sha512-+uuczLQZ4+no9cP6TCoCktXx0u2YbNaRT7lRkSt12d8263e702f0u+4JnnRO8Qmv5nylWJebnqCHzyxP+6mLqw==",
      "requires": {
        "@ethersproject/bytes": "^5.1.0",
        "@ethersproject/logger": "^5.1.0"
      }
    },
    "@ethersproject/rlp": {
      "version": "5.1.0",
      "resolved": "https://registry.npmjs.org/@ethersproject/rlp/-/rlp-5.1.0.tgz",
      "integrity": "sha512-vDTyHIwNPrecy55gKGZ47eJZhBm8LLBxihzi5ou+zrSvYTpkSTWRcKUlXFDFQVwfWB+P5PGyERAdiDEI76clxw==",
      "requires": {
        "@ethersproject/bytes": "^5.1.0",
        "@ethersproject/logger": "^5.1.0"
      }
    },
    "@ethersproject/sha2": {
      "version": "5.1.0",
      "resolved": "https://registry.npmjs.org/@ethersproject/sha2/-/sha2-5.1.0.tgz",
      "integrity": "sha512-+fNSeZRstOpdRJpdGUkRONFCaiAqWkc91zXgg76Nlp5ndBQE25Kk5yK8gCPG1aGnCrbariiPr5j9DmrYH78JCA==",
      "requires": {
        "@ethersproject/bytes": "^5.1.0",
        "@ethersproject/logger": "^5.1.0",
        "hash.js": "1.1.3"
      },
      "dependencies": {
        "hash.js": {
          "version": "1.1.3",
          "resolved": "https://registry.npmjs.org/hash.js/-/hash.js-1.1.3.tgz",
          "integrity": "sha512-/UETyP0W22QILqS+6HowevwhEFJ3MBJnwTf75Qob9Wz9t0DPuisL8kW8YZMK62dHAKE1c1p+gY1TtOLY+USEHA==",
          "requires": {
            "inherits": "^2.0.3",
            "minimalistic-assert": "^1.0.0"
          }
        }
      }
    },
    "@ethersproject/signing-key": {
      "version": "5.1.0",
      "resolved": "https://registry.npmjs.org/@ethersproject/signing-key/-/signing-key-5.1.0.tgz",
      "integrity": "sha512-tE5LFlbmdObG8bY04NpuwPWSRPgEswfxweAI1sH7TbP0ml1elNfqcq7ii/3AvIN05i5U0Pkm3Tf8bramt8MmLw==",
      "requires": {
        "@ethersproject/bytes": "^5.1.0",
        "@ethersproject/logger": "^5.1.0",
        "@ethersproject/properties": "^5.1.0",
        "bn.js": "^4.4.0",
        "elliptic": "6.5.4"
      }
    },
    "@ethersproject/solidity": {
      "version": "5.1.0",
      "resolved": "https://registry.npmjs.org/@ethersproject/solidity/-/solidity-5.1.0.tgz",
      "integrity": "sha512-kPodsGyo9zg1g9XSXp1lGhFaezBAUUsAUB1Vf6OkppE5Wksg4Et+x3kG4m7J/uShDMP2upkJtHNsIBK2XkVpKQ==",
      "requires": {
        "@ethersproject/bignumber": "^5.1.0",
        "@ethersproject/bytes": "^5.1.0",
        "@ethersproject/keccak256": "^5.1.0",
        "@ethersproject/sha2": "^5.1.0",
        "@ethersproject/strings": "^5.1.0"
      }
    },
    "@ethersproject/strings": {
      "version": "5.1.0",
      "resolved": "https://registry.npmjs.org/@ethersproject/strings/-/strings-5.1.0.tgz",
      "integrity": "sha512-perBZy0RrmmL0ejiFGUOlBVjMsUceqLut3OBP3zP96LhiJWWbS8u1NqQVgN4/Gyrbziuda66DxiQocXhsvx+Sw==",
      "requires": {
        "@ethersproject/bytes": "^5.1.0",
        "@ethersproject/constants": "^5.1.0",
        "@ethersproject/logger": "^5.1.0"
      }
    },
    "@ethersproject/transactions": {
      "version": "5.1.0",
      "resolved": "https://registry.npmjs.org/@ethersproject/transactions/-/transactions-5.1.0.tgz",
      "integrity": "sha512-s10crRLZEA0Bgv6FGEl/AKkTw9f+RVUrlWDX1rHnD4ZncPFeiV2AJr4nT7QSUhxJdFPvjyKRDb3nEH27dIqcPQ==",
      "requires": {
        "@ethersproject/address": "^5.1.0",
        "@ethersproject/bignumber": "^5.1.0",
        "@ethersproject/bytes": "^5.1.0",
        "@ethersproject/constants": "^5.1.0",
        "@ethersproject/keccak256": "^5.1.0",
        "@ethersproject/logger": "^5.1.0",
        "@ethersproject/properties": "^5.1.0",
        "@ethersproject/rlp": "^5.1.0",
        "@ethersproject/signing-key": "^5.1.0"
      }
    },
    "@ethersproject/units": {
      "version": "5.1.0",
      "resolved": "https://registry.npmjs.org/@ethersproject/units/-/units-5.1.0.tgz",
      "integrity": "sha512-isvJrx6qG0nKWfxsGORNjmOq/nh175fStfvRTA2xEKrGqx8JNJY83fswu4GkILowfriEM/eYpretfJnfzi7YhA==",
      "requires": {
        "@ethersproject/bignumber": "^5.1.0",
        "@ethersproject/constants": "^5.1.0",
        "@ethersproject/logger": "^5.1.0"
      }
    },
    "@ethersproject/wallet": {
      "version": "5.1.0",
      "resolved": "https://registry.npmjs.org/@ethersproject/wallet/-/wallet-5.1.0.tgz",
      "integrity": "sha512-ULmUtiYQLTUS+y3DgkLzRhFEK10zMwmjOthnjiZxee3Q/MVwr3rnmuAnXIUZrPjna6hvUPnyRIdW5XuF0Ld0YQ==",
      "requires": {
        "@ethersproject/abstract-provider": "^5.1.0",
        "@ethersproject/abstract-signer": "^5.1.0",
        "@ethersproject/address": "^5.1.0",
        "@ethersproject/bignumber": "^5.1.0",
        "@ethersproject/bytes": "^5.1.0",
        "@ethersproject/hash": "^5.1.0",
        "@ethersproject/hdnode": "^5.1.0",
        "@ethersproject/json-wallets": "^5.1.0",
        "@ethersproject/keccak256": "^5.1.0",
        "@ethersproject/logger": "^5.1.0",
        "@ethersproject/properties": "^5.1.0",
        "@ethersproject/random": "^5.1.0",
        "@ethersproject/signing-key": "^5.1.0",
        "@ethersproject/transactions": "^5.1.0",
        "@ethersproject/wordlists": "^5.1.0"
      }
    },
    "@ethersproject/web": {
      "version": "5.1.0",
      "resolved": "https://registry.npmjs.org/@ethersproject/web/-/web-5.1.0.tgz",
      "integrity": "sha512-LTeluWgTq04+RNqAkVhpydPcRZK/kKxD2Vy7PYGrAD27ABO9kTqTBKwiOuzTyAHKUQHfnvZbXmxBXJAGViSDcA==",
      "requires": {
        "@ethersproject/base64": "^5.1.0",
        "@ethersproject/bytes": "^5.1.0",
        "@ethersproject/logger": "^5.1.0",
        "@ethersproject/properties": "^5.1.0",
        "@ethersproject/strings": "^5.1.0"
      }
    },
    "@ethersproject/wordlists": {
      "version": "5.1.0",
      "resolved": "https://registry.npmjs.org/@ethersproject/wordlists/-/wordlists-5.1.0.tgz",
      "integrity": "sha512-NsUCi/TpBb+oTFvMSccUkJGtp5o/84eOyqp5q5aBeiNBSLkYyw21znRn9mAmxZgySpxgruVgKbaapnYPgvctPQ==",
      "requires": {
        "@ethersproject/bytes": "^5.1.0",
        "@ethersproject/hash": "^5.1.0",
        "@ethersproject/logger": "^5.1.0",
        "@ethersproject/properties": "^5.1.0",
        "@ethersproject/strings": "^5.1.0"
      }
    },
    "@types/json-stable-stringify": {
      "version": "1.0.32",
      "resolved": "https://registry.npmjs.org/@types/json-stable-stringify/-/json-stable-stringify-1.0.32.tgz",
      "integrity": "sha512-q9Q6+eUEGwQkv4Sbst3J4PNgDOvpuVuKj79Hl/qnmBMEIPzB5QoFRUtjcgcg2xNUZyYUGXBk5wYIBKHt0A+Mxw=="
    },
    "@types/prop-types": {
      "version": "15.7.3",
      "resolved": "https://registry.npmjs.org/@types/prop-types/-/prop-types-15.7.3.tgz",
      "integrity": "sha512-KfRL3PuHmqQLOG+2tGpRO26Ctg+Cq1E01D2DMriKEATHgWLfeNDmq9e29Q9WIky0dQ3NPkd1mzYH8Lm936Z9qw=="
    },
    "@types/react": {
      "version": "17.0.3",
      "resolved": "https://registry.npmjs.org/@types/react/-/react-17.0.3.tgz",
      "integrity": "sha512-wYOUxIgs2HZZ0ACNiIayItyluADNbONl7kt8lkLjVK8IitMH5QMyAh75Fwhmo37r1m7L2JaFj03sIfxBVDvRAg==",
      "requires": {
        "@types/prop-types": "*",
        "@types/scheduler": "*",
        "csstype": "^3.0.2"
      }
    },
    "@types/scheduler": {
      "version": "0.16.1",
      "resolved": "https://registry.npmjs.org/@types/scheduler/-/scheduler-0.16.1.tgz",
      "integrity": "sha512-EaCxbanVeyxDRTQBkdLb3Bvl/HK7PBK6UJjsSixB0iHKoWxE5uu2Q/DgtpOhPIojN0Zl1whvOd7PoHs2P0s5eA=="
    },
    "aes-js": {
      "version": "3.0.0",
      "resolved": "https://registry.npmjs.org/aes-js/-/aes-js-3.0.0.tgz",
      "integrity": "sha1-4h3xCtbCBTKVvLuNq0Cwnb6ofk0="
    },
    "asynckit": {
      "version": "0.4.0",
      "resolved": "https://registry.npmjs.org/asynckit/-/asynckit-0.4.0.tgz",
      "integrity": "sha1-x57Zf380y48robyXkLzDZkdLS3k="
    },
    "bech32": {
      "version": "1.1.4",
      "resolved": "https://registry.npmjs.org/bech32/-/bech32-1.1.4.tgz",
      "integrity": "sha512-s0IrSOzLlbvX7yp4WBfPITzpAU8sqQcpsmwXDiKwrG4r491vwCO/XpejasRNl0piBMe/DvP4Tz0mIS/X1DPJBQ=="
    },
    "bn.js": {
      "version": "4.12.0",
      "resolved": "https://registry.npmjs.org/bn.js/-/bn.js-4.12.0.tgz",
      "integrity": "sha512-c98Bf3tPniI+scsdk237ku1Dc3ujXQTSgyiPUDEOe7tRkhrqridvh8klBv0HCEso1OLOYcHuCv/cS6DNxKH+ZA=="
    },
    "brorand": {
      "version": "1.1.0",
      "resolved": "https://registry.npmjs.org/brorand/-/brorand-1.1.0.tgz",
      "integrity": "sha1-EsJe/kCkXjwyPrhnWgoM5XsiNx8="
    },
    "combined-stream": {
      "version": "1.0.8",
      "resolved": "https://registry.npmjs.org/combined-stream/-/combined-stream-1.0.8.tgz",
      "integrity": "sha512-FQN4MRfuJeHf7cBbBMJFXhKSDq+2kAArBlmRBvcvFE5BB1HZKXtSFASDhdlz9zOYwxh8lDdnvmMOe/+5cdoEdg==",
      "requires": {
        "delayed-stream": "~1.0.0"
      }
    },
    "csstype": {
      "version": "3.0.7",
      "resolved": "https://registry.npmjs.org/csstype/-/csstype-3.0.7.tgz",
      "integrity": "sha512-KxnUB0ZMlnUWCsx2Z8MUsr6qV6ja1w9ArPErJaJaF8a5SOWoHLIszeCTKGRGRgtLgYrs1E8CHkNSP1VZTTPc9g=="
    },
    "delayed-stream": {
      "version": "1.0.0",
      "resolved": "https://registry.npmjs.org/delayed-stream/-/delayed-stream-1.0.0.tgz",
      "integrity": "sha1-3zrhmayt+31ECqrgsp4icrJOxhk="
    },
    "elliptic": {
      "version": "6.5.4",
      "resolved": "https://registry.npmjs.org/elliptic/-/elliptic-6.5.4.tgz",
      "integrity": "sha512-iLhC6ULemrljPZb+QutR5TQGB+pdW6KGD5RSegS+8sorOZT+rdQFbsQFJgvN3eRqNALqJer4oQ16YvJHlU8hzQ==",
      "requires": {
        "bn.js": "^4.11.9",
        "brorand": "^1.1.0",
        "hash.js": "^1.0.0",
        "hmac-drbg": "^1.0.1",
        "inherits": "^2.0.4",
        "minimalistic-assert": "^1.0.1",
        "minimalistic-crypto-utils": "^1.0.1"
      }
    },
    "ethers": {
      "version": "5.1.0",
      "resolved": "https://registry.npmjs.org/ethers/-/ethers-5.1.0.tgz",
      "integrity": "sha512-2L6Ge6wMBw02FlRoCLg4E0Elt3khMNlW6ULawa10mMeeZToYJ5+uCfiuTuB+XZ6om1Y7wuO9ZzezP8FsU2M/+g==",
      "requires": {
        "@ethersproject/abi": "5.1.0",
        "@ethersproject/abstract-provider": "5.1.0",
        "@ethersproject/abstract-signer": "5.1.0",
        "@ethersproject/address": "5.1.0",
        "@ethersproject/base64": "5.1.0",
        "@ethersproject/basex": "5.1.0",
        "@ethersproject/bignumber": "5.1.0",
        "@ethersproject/bytes": "5.1.0",
        "@ethersproject/constants": "5.1.0",
        "@ethersproject/contracts": "5.1.0",
        "@ethersproject/hash": "5.1.0",
        "@ethersproject/hdnode": "5.1.0",
        "@ethersproject/json-wallets": "5.1.0",
        "@ethersproject/keccak256": "5.1.0",
        "@ethersproject/logger": "5.1.0",
        "@ethersproject/networks": "5.1.0",
        "@ethersproject/pbkdf2": "5.1.0",
        "@ethersproject/properties": "5.1.0",
        "@ethersproject/providers": "5.1.0",
        "@ethersproject/random": "5.1.0",
        "@ethersproject/rlp": "5.1.0",
        "@ethersproject/sha2": "5.1.0",
        "@ethersproject/signing-key": "5.1.0",
        "@ethersproject/solidity": "5.1.0",
        "@ethersproject/strings": "5.1.0",
        "@ethersproject/transactions": "5.1.0",
        "@ethersproject/units": "5.1.0",
        "@ethersproject/wallet": "5.1.0",
        "@ethersproject/web": "5.1.0",
        "@ethersproject/wordlists": "5.1.0"
      }
    },
    "form-data": {
      "version": "3.0.0",
      "resolved": "https://registry.npmjs.org/form-data/-/form-data-3.0.0.tgz",
      "integrity": "sha512-CKMFDglpbMi6PyN+brwB9Q/GOw0eAnsrEZDgcsH5Krhz5Od/haKHAX0NmQfha2zPPz0JpWzA7GJHGSnvCRLWsg==",
      "requires": {
        "asynckit": "^0.4.0",
        "combined-stream": "^1.0.8",
        "mime-types": "^2.1.12"
      }
    },
    "fs": {
      "version": "0.0.1-security",
      "resolved": "https://registry.npmjs.org/fs/-/fs-0.0.1-security.tgz",
      "integrity": "sha1-invTcYa23d84E/I4WLV+yq9eQdQ="
    },
    "hash.js": {
      "version": "1.1.7",
      "resolved": "https://registry.npmjs.org/hash.js/-/hash.js-1.1.7.tgz",
      "integrity": "sha512-taOaskGt4z4SOANNseOviYDvjEJinIkRgmp7LbKP2YTTmVxWBl87s/uzK9r+44BclBSp2X7K1hqeNfz9JbBeXA==",
      "requires": {
        "inherits": "^2.0.3",
        "minimalistic-assert": "^1.0.1"
      }
    },
    "hmac-drbg": {
      "version": "1.0.1",
      "resolved": "https://registry.npmjs.org/hmac-drbg/-/hmac-drbg-1.0.1.tgz",
      "integrity": "sha1-0nRXAQJabHdabFRXk+1QL8DGSaE=",
      "requires": {
        "hash.js": "^1.0.3",
        "minimalistic-assert": "^1.0.0",
        "minimalistic-crypto-utils": "^1.0.1"
      }
    },
    "inherits": {
      "version": "2.0.4",
      "resolved": "https://registry.npmjs.org/inherits/-/inherits-2.0.4.tgz",
      "integrity": "sha512-k/vGaX4/Yla3WzyMCvTQOXYeIHvqOKtnqBduzTHpzpQZzAskKMhZ2K+EnBiSM9zGSoIFeMpXKxa4dYeZIQqewQ=="
    },
    "isomorphic-fetch": {
      "version": "3.0.0",
      "resolved": "https://registry.npmjs.org/isomorphic-fetch/-/isomorphic-fetch-3.0.0.tgz",
      "integrity": "sha512-qvUtwJ3j6qwsF3jLxkZ72qCgjMysPzDfeV240JHiGZsANBYd+EEuu35v7dfrJ9Up0Ak07D7GGSkGhCHTqg/5wA==",
      "requires": {
        "node-fetch": "^2.6.1",
        "whatwg-fetch": "^3.4.1"
      }
    },
    "js-sha3": {
      "version": "0.5.7",
      "resolved": "https://registry.npmjs.org/js-sha3/-/js-sha3-0.5.7.tgz",
      "integrity": "sha1-DU/9gALVMzqrr0oj7tL2N0yfKOc="
    },
    "json-stable-stringify": {
      "version": "1.0.1",
      "resolved": "https://registry.npmjs.org/json-stable-stringify/-/json-stable-stringify-1.0.1.tgz",
      "integrity": "sha1-mnWdOcXy/1A/1TAGRu1EX4jE+a8=",
      "requires": {
        "jsonify": "~0.0.0"
      }
    },
    "jsonify": {
      "version": "0.0.0",
      "resolved": "https://registry.npmjs.org/jsonify/-/jsonify-0.0.0.tgz",
      "integrity": "sha1-LHS27kHZPKUbe1qu6PUDYx0lKnM="
    },
    "mime-db": {
      "version": "1.45.0",
      "resolved": "https://registry.npmjs.org/mime-db/-/mime-db-1.45.0.tgz",
      "integrity": "sha512-CkqLUxUk15hofLoLyljJSrukZi8mAtgd+yE5uO4tqRZsdsAJKv0O+rFMhVDRJgozy+yG6md5KwuXhD4ocIoP+w=="
    },
    "mime-types": {
      "version": "2.1.28",
      "resolved": "https://registry.npmjs.org/mime-types/-/mime-types-2.1.28.tgz",
      "integrity": "sha512-0TO2yJ5YHYr7M2zzT7gDU1tbwHxEUWBCLt0lscSNpcdAfFyJOVEpRYNS7EXVcTLNj/25QO8gulHC5JtTzSE2UQ==",
      "requires": {
        "mime-db": "1.45.0"
      }
    },
    "minimalistic-assert": {
      "version": "1.0.1",
      "resolved": "https://registry.npmjs.org/minimalistic-assert/-/minimalistic-assert-1.0.1.tgz",
      "integrity": "sha512-UtJcAD4yEaGtjPezWuO9wC4nwUnVH/8/Im3yEHQP4b67cXlD/Qr9hdITCU1xDbSEXg2XKNaP8jsReV7vQd00/A=="
    },
    "minimalistic-crypto-utils": {
      "version": "1.0.1",
      "resolved": "https://registry.npmjs.org/minimalistic-crypto-utils/-/minimalistic-crypto-utils-1.0.1.tgz",
      "integrity": "sha1-9sAMHAsIIkblxNmd+4x8CDsrWCo="
    },
    "node-fetch": {
      "version": "2.6.1",
      "resolved": "https://registry.npmjs.org/node-fetch/-/node-fetch-2.6.1.tgz",
      "integrity": "sha512-V4aYg89jEoVRxRb2fJdAg8FHvI7cEyYdVAh94HH0UIK8oJxUfkjlDQN9RbMx+bEjP7+ggMiFRprSti032Oipxw=="
    },
    "redwood-p2p-client": {
      "version": "0.1.0",
      "resolved": "https://registry.npmjs.org/redwood-p2p-client/-/redwood-p2p-client-0.1.0.tgz",
      "integrity": "sha512-0in4Ah4ivIrkBwOD62+YH7Atoi/d9kfkawAIk5prKo99KAphhen0YUGam1exHOp0q6gbeGc+fzk47iNDyxVW1w==",
      "requires": {
        "@types/json-stable-stringify": "^1.0.32",
        "@types/react": "^17.0.2",
        "ethers": "^5.0.31",
        "json-stable-stringify": "^1.0.1",
        "node-fetch": "^2.6.1"
      }
    },
    "scrypt-js": {
      "version": "3.0.1",
      "resolved": "https://registry.npmjs.org/scrypt-js/-/scrypt-js-3.0.1.tgz",
      "integrity": "sha512-cdwTTnqPu0Hyvf5in5asVdZocVDTNRmR7XEcJuIzMjJeSHybHl7vpB66AzwTaIg6CLSbtjcxc8fqcySfnTkccA=="
    },
    "whatwg-fetch": {
      "version": "3.5.0",
      "resolved": "https://registry.npmjs.org/whatwg-fetch/-/whatwg-fetch-3.5.0.tgz",
      "integrity": "sha512-jXkLtsR42xhXg7akoDKvKWE40eJeI+2KZqcp2h3NsOrRnDvtWX36KcKl30dy+hxECivdk2BVUHVNrPtoMBUx6A=="
    },
    "ws": {
      "version": "7.2.3",
      "resolved": "https://registry.npmjs.org/ws/-/ws-7.2.3.tgz",
      "integrity": "sha512-HTDl9G9hbkNDk98naoR/cHDws7+EyYMOdL1BmjsZXRUjf7d+MficC4B7HLUPlSiho0vg+CWKrGIt/VJBd1xunQ=="
    }
  }
}
