{
  "name": "redwood.js",
  "version": "0.0.1",
  "lockfileVersion": 1,
  "requires": true,
  "dependencies": {
    "@ethersproject/abi": {
      "version": "5.0.10",
      "resolved": "https://registry.npmjs.org/@ethersproject/abi/-/abi-5.0.10.tgz",
      "integrity": "sha512-cfC3lGgotfxX3SMri4+CisOPwignoj/QGHW9J29spC4R4Qqcnk/SYuVkPFBMdLbvBp3f/pGiVqPNwont0TSXhg==",
      "requires": {
        "@ethersproject/address": "^5.0.9",
        "@ethersproject/bignumber": "^5.0.13",
        "@ethersproject/bytes": "^5.0.9",
        "@ethersproject/constants": "^5.0.8",
        "@ethersproject/hash": "^5.0.10",
        "@ethersproject/keccak256": "^5.0.7",
        "@ethersproject/logger": "^5.0.8",
        "@ethersproject/properties": "^5.0.7",
        "@ethersproject/strings": "^5.0.8"
      }
    },
    "@ethersproject/abstract-provider": {
      "version": "5.0.8",
      "resolved": "https://registry.npmjs.org/@ethersproject/abstract-provider/-/abstract-provider-5.0.8.tgz",
      "integrity": "sha512-fqJXkewcGdi8LogKMgRyzc/Ls2js07yor7+g9KfPs09uPOcQLg7cc34JN+lk34HH9gg2HU0DIA5797ZR8znkfw==",
      "requires": {
        "@ethersproject/bignumber": "^5.0.13",
        "@ethersproject/bytes": "^5.0.9",
        "@ethersproject/logger": "^5.0.8",
        "@ethersproject/networks": "^5.0.7",
        "@ethersproject/properties": "^5.0.7",
        "@ethersproject/transactions": "^5.0.9",
        "@ethersproject/web": "^5.0.12"
      }
    },
    "@ethersproject/abstract-signer": {
      "version": "5.0.11",
      "resolved": "https://registry.npmjs.org/@ethersproject/abstract-signer/-/abstract-signer-5.0.11.tgz",
      "integrity": "sha512-RKOgPSEYafknA62SrD3OCK42AllHE4YBfKYXyQeM+sBP7Nq3X5FpzeoY4uzC43P4wIhmNoTHCKQuwnX7fBqb6Q==",
      "requires": {
        "@ethersproject/abstract-provider": "^5.0.8",
        "@ethersproject/bignumber": "^5.0.13",
        "@ethersproject/bytes": "^5.0.9",
        "@ethersproject/logger": "^5.0.8",
        "@ethersproject/properties": "^5.0.7"
      }
    },
    "@ethersproject/address": {
      "version": "5.0.9",
      "resolved": "https://registry.npmjs.org/@ethersproject/address/-/address-5.0.9.tgz",
      "integrity": "sha512-gKkmbZDMyGbVjr8nA5P0md1GgESqSGH7ILIrDidPdNXBl4adqbuA3OAuZx/O2oGpL6PtJ9BDa0kHheZ1ToHU3w==",
      "requires": {
        "@ethersproject/bignumber": "^5.0.13",
        "@ethersproject/bytes": "^5.0.9",
        "@ethersproject/keccak256": "^5.0.7",
        "@ethersproject/logger": "^5.0.8",
        "@ethersproject/rlp": "^5.0.7"
      }
    },
    "@ethersproject/base64": {
      "version": "5.0.7",
      "resolved": "https://registry.npmjs.org/@ethersproject/base64/-/base64-5.0.7.tgz",
      "integrity": "sha512-S5oh5DVfCo06xwJXT8fQC68mvJfgScTl2AXvbYMsHNfIBTDb084Wx4iA9MNlEReOv6HulkS+gyrUM/j3514rSw==",
      "requires": {
        "@ethersproject/bytes": "^5.0.9"
      }
    },
    "@ethersproject/basex": {
      "version": "5.0.7",
      "resolved": "https://registry.npmjs.org/@ethersproject/basex/-/basex-5.0.7.tgz",
      "integrity": "sha512-OsXnRsujGmYD9LYyJlX+cVe5KfwgLUbUJrJMWdzRWogrygXd5HvGd7ygX1AYjlu1z8W/+t2FoQnczDR/H2iBjA==",
      "requires": {
        "@ethersproject/bytes": "^5.0.9",
        "@ethersproject/properties": "^5.0.7"
      }
    },
    "@ethersproject/bignumber": {
      "version": "5.0.13",
      "resolved": "https://registry.npmjs.org/@ethersproject/bignumber/-/bignumber-5.0.13.tgz",
      "integrity": "sha512-b89bX5li6aK492yuPP5mPgRVgIxxBP7ksaBtKX5QQBsrZTpNOjf/MR4CjcUrAw8g+RQuD6kap9lPjFgY4U1/5A==",
      "requires": {
        "@ethersproject/bytes": "^5.0.9",
        "@ethersproject/logger": "^5.0.8",
        "bn.js": "^4.4.0"
      }
    },
    "@ethersproject/bytes": {
      "version": "5.0.9",
      "resolved": "https://registry.npmjs.org/@ethersproject/bytes/-/bytes-5.0.9.tgz",
      "integrity": "sha512-k+17ZViDtAugC0s7HM6rdsTWEdIYII4RPCDkPEuxKc6i40Bs+m6tjRAtCECX06wKZnrEoR9pjOJRXHJ/VLoOcA==",
      "requires": {
        "@ethersproject/logger": "^5.0.8"
      }
    },
    "@ethersproject/constants": {
      "version": "5.0.8",
      "resolved": "https://registry.npmjs.org/@ethersproject/constants/-/constants-5.0.8.tgz",
      "integrity": "sha512-sCc73pFBsl59eDfoQR5OCEZCRv5b0iywadunti6MQIr5lt3XpwxK1Iuzd8XSFO02N9jUifvuZRrt0cY0+NBgTg==",
      "requires": {
        "@ethersproject/bignumber": "^5.0.13"
      }
    },
    "@ethersproject/contracts": {
      "version": "5.0.9",
      "resolved": "https://registry.npmjs.org/@ethersproject/contracts/-/contracts-5.0.9.tgz",
      "integrity": "sha512-CCTxVeDh6sjdSEbjzONhtwPjECvaHE62oGkY8M7kP0CHmgLD2SEGel0HZib8e5oQKRKGly9AKcUFW4g3rQ0AQw==",
      "requires": {
        "@ethersproject/abi": "^5.0.10",
        "@ethersproject/abstract-provider": "^5.0.8",
        "@ethersproject/abstract-signer": "^5.0.10",
        "@ethersproject/address": "^5.0.9",
        "@ethersproject/bignumber": "^5.0.13",
        "@ethersproject/bytes": "^5.0.9",
        "@ethersproject/constants": "^5.0.8",
        "@ethersproject/logger": "^5.0.8",
        "@ethersproject/properties": "^5.0.7"
      }
    },
    "@ethersproject/hash": {
      "version": "5.0.10",
      "resolved": "https://registry.npmjs.org/@ethersproject/hash/-/hash-5.0.10.tgz",
      "integrity": "sha512-Tf0bvs6YFhw28LuHnhlDWyr0xfcDxSXdwM4TcskeBbmXVSKLv3bJQEEEBFUcRX0fJuslR3gCVySEaSh7vuMx5w==",
      "requires": {
        "@ethersproject/abstract-signer": "^5.0.10",
        "@ethersproject/address": "^5.0.9",
        "@ethersproject/bignumber": "^5.0.13",
        "@ethersproject/bytes": "^5.0.9",
        "@ethersproject/keccak256": "^5.0.7",
        "@ethersproject/logger": "^5.0.8",
        "@ethersproject/properties": "^5.0.7",
        "@ethersproject/strings": "^5.0.8"
      }
    },
    "@ethersproject/hdnode": {
      "version": "5.0.8",
      "resolved": "https://registry.npmjs.org/@ethersproject/hdnode/-/hdnode-5.0.8.tgz",
      "integrity": "sha512-Mscpjd7BBjxYSWghaNMwV0xrBBkOoCq6YEPRm9MgE24CiBlzzbfEB5DGq6hiZqhQaxPkdCUtKKqZi3nt9hx43g==",
      "requires": {
        "@ethersproject/abstract-signer": "^5.0.10",
        "@ethersproject/basex": "^5.0.7",
        "@ethersproject/bignumber": "^5.0.13",
        "@ethersproject/bytes": "^5.0.9",
        "@ethersproject/logger": "^5.0.8",
        "@ethersproject/pbkdf2": "^5.0.7",
        "@ethersproject/properties": "^5.0.7",
        "@ethersproject/sha2": "^5.0.7",
        "@ethersproject/signing-key": "^5.0.8",
        "@ethersproject/strings": "^5.0.8",
        "@ethersproject/transactions": "^5.0.9",
        "@ethersproject/wordlists": "^5.0.8"
      }
    },
    "@ethersproject/json-wallets": {
      "version": "5.0.10",
      "resolved": "https://registry.npmjs.org/@ethersproject/json-wallets/-/json-wallets-5.0.10.tgz",
      "integrity": "sha512-Ux36u+d7Dm0M5AQ+mWuHdvfGPMN8K1aaLQgwzrsD4ELTWlwRuHuQbmn7/GqeOpbfaV6POLwdYcBk2TXjlGp/IQ==",
      "requires": {
        "@ethersproject/abstract-signer": "^5.0.10",
        "@ethersproject/address": "^5.0.9",
        "@ethersproject/bytes": "^5.0.9",
        "@ethersproject/hdnode": "^5.0.8",
        "@ethersproject/keccak256": "^5.0.7",
        "@ethersproject/logger": "^5.0.8",
        "@ethersproject/pbkdf2": "^5.0.7",
        "@ethersproject/properties": "^5.0.7",
        "@ethersproject/random": "^5.0.7",
        "@ethersproject/strings": "^5.0.8",
        "@ethersproject/transactions": "^5.0.9",
        "aes-js": "3.0.0",
        "scrypt-js": "3.0.1"
      }
    },
    "@ethersproject/keccak256": {
      "version": "5.0.7",
      "resolved": "https://registry.npmjs.org/@ethersproject/keccak256/-/keccak256-5.0.7.tgz",
      "integrity": "sha512-zpUBmofWvx9PGfc7IICobgFQSgNmTOGTGLUxSYqZzY/T+b4y/2o5eqf/GGmD7qnTGzKQ42YlLNo+LeDP2qe55g==",
      "requires": {
        "@ethersproject/bytes": "^5.0.9",
        "js-sha3": "0.5.7"
      }
    },
    "@ethersproject/logger": {
      "version": "5.0.8",
      "resolved": "https://registry.npmjs.org/@ethersproject/logger/-/logger-5.0.8.tgz",
      "integrity": "sha512-SkJCTaVTnaZ3/ieLF5pVftxGEFX56pTH+f2Slrpv7cU0TNpUZNib84QQdukd++sWUp/S7j5t5NW+WegbXd4U/A=="
    },
    "@ethersproject/networks": {
      "version": "5.0.7",
      "resolved": "https://registry.npmjs.org/@ethersproject/networks/-/networks-5.0.7.tgz",
      "integrity": "sha512-dI14QATndIcUgcCBL1c5vUr/YsI5cCHLN81rF7PU+yS7Xgp2/Rzbr9+YqpC6NBXHFUASjh6GpKqsVMpufAL0BQ==",
      "requires": {
        "@ethersproject/logger": "^5.0.8"
      }
    },
    "@ethersproject/pbkdf2": {
      "version": "5.0.7",
      "resolved": "https://registry.npmjs.org/@ethersproject/pbkdf2/-/pbkdf2-5.0.7.tgz",
      "integrity": "sha512-0SNLNixPMqnosH6pyc4yPiUu/C9/Jbu+f6I8GJW9U2qNpMBddmRJviwseoha5Zw1V+Aw0Z/yvYyzIIE8yPXqLA==",
      "requires": {
        "@ethersproject/bytes": "^5.0.9",
        "@ethersproject/sha2": "^5.0.7"
      }
    },
    "@ethersproject/properties": {
      "version": "5.0.7",
      "resolved": "https://registry.npmjs.org/@ethersproject/properties/-/properties-5.0.7.tgz",
      "integrity": "sha512-812H1Rus2vjw0zbasfDI1GLNPDsoyX1pYqiCgaR1BuyKxUTbwcH1B+214l6VGe1v+F6iEVb7WjIwMjKhb4EUsg==",
      "requires": {
        "@ethersproject/logger": "^5.0.8"
      }
    },
    "@ethersproject/providers": {
      "version": "5.0.19",
      "resolved": "https://registry.npmjs.org/@ethersproject/providers/-/providers-5.0.19.tgz",
      "integrity": "sha512-G+flo1jK1y/rvQy6b71+Nu7qOlkOKz+XqpgqFMZslkCzGuzQRmk9Qp7Ln4soK8RSyP1e5TCujaRf1H+EZahoaw==",
      "requires": {
        "@ethersproject/abstract-provider": "^5.0.8",
        "@ethersproject/abstract-signer": "^5.0.10",
        "@ethersproject/address": "^5.0.9",
        "@ethersproject/basex": "^5.0.7",
        "@ethersproject/bignumber": "^5.0.13",
        "@ethersproject/bytes": "^5.0.9",
        "@ethersproject/constants": "^5.0.8",
        "@ethersproject/hash": "^5.0.10",
        "@ethersproject/logger": "^5.0.8",
        "@ethersproject/networks": "^5.0.7",
        "@ethersproject/properties": "^5.0.7",
        "@ethersproject/random": "^5.0.7",
        "@ethersproject/rlp": "^5.0.7",
        "@ethersproject/sha2": "^5.0.7",
        "@ethersproject/strings": "^5.0.8",
        "@ethersproject/transactions": "^5.0.9",
        "@ethersproject/web": "^5.0.12",
        "bech32": "1.1.4",
        "ws": "7.2.3"
      }
    },
    "@ethersproject/random": {
      "version": "5.0.7",
      "resolved": "https://registry.npmjs.org/@ethersproject/random/-/random-5.0.7.tgz",
      "integrity": "sha512-PxSRWwN3s+FH9AWMZU6AcWJsNQ9KzqKV6NgdeKPtxahdDjCuXxTAuzTZNXNRK+qj+Il351UnweAGd+VuZcOAlQ==",
      "requires": {
        "@ethersproject/bytes": "^5.0.9",
        "@ethersproject/logger": "^5.0.8"
      }
    },
    "@ethersproject/rlp": {
      "version": "5.0.7",
      "resolved": "https://registry.npmjs.org/@ethersproject/rlp/-/rlp-5.0.7.tgz",
      "integrity": "sha512-ulUTVEuV7PT4jJTPpfhRHK57tkLEDEY9XSYJtrSNHOqdwMvH0z7BM2AKIMq4LVDlnu4YZASdKrkFGEIO712V9w==",
      "requires": {
        "@ethersproject/bytes": "^5.0.9",
        "@ethersproject/logger": "^5.0.8"
      }
    },
    "@ethersproject/sha2": {
      "version": "5.0.7",
      "resolved": "https://registry.npmjs.org/@ethersproject/sha2/-/sha2-5.0.7.tgz",
      "integrity": "sha512-MbUqz68hhp5RsaZdqi1eg1rrtiqt5wmhRYqdA7MX8swBkzW2KiLgK+Oh25UcWhUhdi1ImU9qrV6if5j0cC7Bxg==",
      "requires": {
        "@ethersproject/bytes": "^5.0.9",
        "@ethersproject/logger": "^5.0.8",
        "hash.js": "1.1.3"
      },
      "dependencies": {
        "hash.js": {
          "version": "1.1.3",
          "resolved": "https://registry.npmjs.org/hash.js/-/hash.js-1.1.3.tgz",
          "integrity": "sha512-/UETyP0W22QILqS+6HowevwhEFJ3MBJnwTf75Qob9Wz9t0DPuisL8kW8YZMK62dHAKE1c1p+gY1TtOLY+USEHA==",
          "requires": {
            "inherits": "^2.0.3",
            "minimalistic-assert": "^1.0.0"
          }
        }
      }
    },
    "@ethersproject/signing-key": {
      "version": "5.0.8",
      "resolved": "https://registry.npmjs.org/@ethersproject/signing-key/-/signing-key-5.0.8.tgz",
      "integrity": "sha512-YKxQM45eDa6WAD+s3QZPdm1uW1MutzVuyoepdRRVmMJ8qkk7iOiIhUkZwqKLNxKzEJijt/82ycuOREc9WBNAKg==",
      "requires": {
        "@ethersproject/bytes": "^5.0.9",
        "@ethersproject/logger": "^5.0.8",
        "@ethersproject/properties": "^5.0.7",
        "elliptic": "6.5.3"
      }
    },
    "@ethersproject/solidity": {
      "version": "5.0.8",
      "resolved": "https://registry.npmjs.org/@ethersproject/solidity/-/solidity-5.0.8.tgz",
      "integrity": "sha512-OJkyBq9KaoGsi8E8mYn6LX+vKyCURvxSp0yuGBcOqEFM3vkn9PsCiXsHdOXdNBvlHG5evJXwAYC2UR0TzgJeKA==",
      "requires": {
        "@ethersproject/bignumber": "^5.0.13",
        "@ethersproject/bytes": "^5.0.9",
        "@ethersproject/keccak256": "^5.0.7",
        "@ethersproject/sha2": "^5.0.7",
        "@ethersproject/strings": "^5.0.8"
      }
    },
    "@ethersproject/strings": {
      "version": "5.0.8",
      "resolved": "https://registry.npmjs.org/@ethersproject/strings/-/strings-5.0.8.tgz",
      "integrity": "sha512-5IsdXf8tMY8QuHl8vTLnk9ehXDDm6x9FB9S9Og5IA1GYhLe5ZewydXSjlJlsqU2t9HRbfv97OJZV/pX8DVA/Hw==",
      "requires": {
        "@ethersproject/bytes": "^5.0.9",
        "@ethersproject/constants": "^5.0.8",
        "@ethersproject/logger": "^5.0.8"
      }
    },
    "@ethersproject/transactions": {
      "version": "5.0.9",
      "resolved": "https://registry.npmjs.org/@ethersproject/transactions/-/transactions-5.0.9.tgz",
      "integrity": "sha512-0Fu1yhdFBkrbMjenEr+39tmDxuHmaw0pe9Jb18XuKoItj7Z3p7+UzdHLr2S/okvHDHYPbZE5gtANDdQ3ZL1nBA==",
      "requires": {
        "@ethersproject/address": "^5.0.9",
        "@ethersproject/bignumber": "^5.0.13",
        "@ethersproject/bytes": "^5.0.9",
        "@ethersproject/constants": "^5.0.8",
        "@ethersproject/keccak256": "^5.0.7",
        "@ethersproject/logger": "^5.0.8",
        "@ethersproject/properties": "^5.0.7",
        "@ethersproject/rlp": "^5.0.7",
        "@ethersproject/signing-key": "^5.0.8"
      }
    },
    "@ethersproject/units": {
      "version": "5.0.9",
      "resolved": "https://registry.npmjs.org/@ethersproject/units/-/units-5.0.9.tgz",
      "integrity": "sha512-4jIkcMVrJ3lCgXMO4M/2ww0/T/IN08vJTZld7FIAwa6aoBDTAy71+sby3sShl1SG3HEeKYbI3fBWauCUgPRUpQ==",
      "requires": {
        "@ethersproject/bignumber": "^5.0.13",
        "@ethersproject/constants": "^5.0.8",
        "@ethersproject/logger": "^5.0.8"
      }
    },
    "@ethersproject/wallet": {
      "version": "5.0.10",
      "resolved": "https://registry.npmjs.org/@ethersproject/wallet/-/wallet-5.0.10.tgz",
      "integrity": "sha512-5siYr38NhqZKH6DUr6u4PdhgOKur8Q6sw+JID2TitEUmW0tOl8f6rpxAe77tw6SJT60D2UcvgsyLtl32+Nl+ig==",
      "requires": {
        "@ethersproject/abstract-provider": "^5.0.8",
        "@ethersproject/abstract-signer": "^5.0.10",
        "@ethersproject/address": "^5.0.9",
        "@ethersproject/bignumber": "^5.0.13",
        "@ethersproject/bytes": "^5.0.9",
        "@ethersproject/hash": "^5.0.10",
        "@ethersproject/hdnode": "^5.0.8",
        "@ethersproject/json-wallets": "^5.0.10",
        "@ethersproject/keccak256": "^5.0.7",
        "@ethersproject/logger": "^5.0.8",
        "@ethersproject/properties": "^5.0.7",
        "@ethersproject/random": "^5.0.7",
        "@ethersproject/signing-key": "^5.0.8",
        "@ethersproject/transactions": "^5.0.9",
        "@ethersproject/wordlists": "^5.0.8"
      }
    },
    "@ethersproject/web": {
      "version": "5.0.12",
      "resolved": "https://registry.npmjs.org/@ethersproject/web/-/web-5.0.12.tgz",
      "integrity": "sha512-gVxS5iW0bgidZ76kr7LsTxj4uzN5XpCLzvZrLp8TP+4YgxHfCeetFyQkRPgBEAJdNrexdSBayvyJvzGvOq0O8g==",
      "requires": {
        "@ethersproject/base64": "^5.0.7",
        "@ethersproject/bytes": "^5.0.9",
        "@ethersproject/logger": "^5.0.8",
        "@ethersproject/properties": "^5.0.7",
        "@ethersproject/strings": "^5.0.8"
      }
    },
    "@ethersproject/wordlists": {
      "version": "5.0.8",
      "resolved": "https://registry.npmjs.org/@ethersproject/wordlists/-/wordlists-5.0.8.tgz",
      "integrity": "sha512-px2mloc1wAcdTbzv0ZotTx+Uh/dfnDO22D9Rx8xr7+/PUwAhZQjoJ9t7Hn72nsaN83rWBXsLvFcIRZju4GIaEQ==",
      "requires": {
        "@ethersproject/bytes": "^5.0.9",
        "@ethersproject/hash": "^5.0.10",
        "@ethersproject/logger": "^5.0.8",
        "@ethersproject/properties": "^5.0.7",
        "@ethersproject/strings": "^5.0.8"
      }
    },
    "@types/node": {
      "version": "10.17.51",
      "resolved": "https://registry.npmjs.org/@types/node/-/node-10.17.51.tgz",
      "integrity": "sha512-KANw+MkL626tq90l++hGelbl67irOJzGhUJk6a1Bt8QHOeh9tztJx+L0AqttraWKinmZn7Qi5lJZJzx45Gq0dg=="
    },
    "aes-js": {
      "version": "3.0.0",
      "resolved": "https://registry.npmjs.org/aes-js/-/aes-js-3.0.0.tgz",
      "integrity": "sha1-4h3xCtbCBTKVvLuNq0Cwnb6ofk0="
    },
    "asynckit": {
      "version": "0.4.0",
      "resolved": "https://registry.npmjs.org/asynckit/-/asynckit-0.4.0.tgz",
      "integrity": "sha1-x57Zf380y48robyXkLzDZkdLS3k="
    },
    "bech32": {
      "version": "1.1.4",
      "resolved": "https://registry.npmjs.org/bech32/-/bech32-1.1.4.tgz",
      "integrity": "sha512-s0IrSOzLlbvX7yp4WBfPITzpAU8sqQcpsmwXDiKwrG4r491vwCO/XpejasRNl0piBMe/DvP4Tz0mIS/X1DPJBQ=="
    },
    "bn.js": {
      "version": "4.11.9",
      "resolved": "https://registry.npmjs.org/bn.js/-/bn.js-4.11.9.tgz",
      "integrity": "sha512-E6QoYqCKZfgatHTdHzs1RRKP7ip4vvm+EyRUeE2RF0NblwVvb0p6jSVeNTOFxPn26QXN2o6SMfNxKp6kU8zQaw=="
    },
    "brorand": {
      "version": "1.1.0",
      "resolved": "https://registry.npmjs.org/brorand/-/brorand-1.1.0.tgz",
      "integrity": "sha1-EsJe/kCkXjwyPrhnWgoM5XsiNx8="
    },
    "colorette": {
      "version": "1.2.1",
      "resolved": "https://registry.npmjs.org/colorette/-/colorette-1.2.1.tgz",
      "integrity": "sha512-puCDz0CzydiSYOrnXpz/PKd69zRrribezjtE9yd4zvytoRc8+RY/KJPvtPFKZS3E3wP6neGyMe0vOTlHO5L3Pw==",
      "dev": true
    },
    "combined-stream": {
      "version": "1.0.8",
      "resolved": "https://registry.npmjs.org/combined-stream/-/combined-stream-1.0.8.tgz",
      "integrity": "sha512-FQN4MRfuJeHf7cBbBMJFXhKSDq+2kAArBlmRBvcvFE5BB1HZKXtSFASDhdlz9zOYwxh8lDdnvmMOe/+5cdoEdg==",
      "requires": {
        "delayed-stream": "~1.0.0"
      }
    },
    "delayed-stream": {
      "version": "1.0.0",
      "resolved": "https://registry.npmjs.org/delayed-stream/-/delayed-stream-1.0.0.tgz",
      "integrity": "sha1-3zrhmayt+31ECqrgsp4icrJOxhk="
    },
    "elliptic": {
      "version": "6.5.3",
      "resolved": "https://registry.npmjs.org/elliptic/-/elliptic-6.5.3.tgz",
      "integrity": "sha512-IMqzv5wNQf+E6aHeIqATs0tOLeOTwj1QKbRcS3jBbYkl5oLAserA8yJTT7/VyHUYG91PRmPyeQDObKLPpeS4dw==",
      "requires": {
        "bn.js": "^4.4.0",
        "brorand": "^1.0.1",
        "hash.js": "^1.0.0",
        "hmac-drbg": "^1.0.0",
        "inherits": "^2.0.1",
        "minimalistic-assert": "^1.0.0",
        "minimalistic-crypto-utils": "^1.0.0"
      }
    },
    "encoding": {
      "version": "0.1.13",
      "resolved": "https://registry.npmjs.org/encoding/-/encoding-0.1.13.tgz",
      "integrity": "sha512-ETBauow1T35Y/WZMkio9jiM0Z5xjHHmJ4XmjZOq1l/dXz3lr2sRn87nJy20RupqSh1F2m3HHPSp8ShIPQJrJ3A==",
      "requires": {
        "iconv-lite": "^0.6.2"
      }
    },
    "es6-promise": {
      "version": "4.2.8",
      "resolved": "https://registry.npmjs.org/es6-promise/-/es6-promise-4.2.8.tgz",
      "integrity": "sha512-HJDGx5daxeIvxdBxvG2cb9g4tEvwIk3i8+nhX0yGrYmZUzbkdg8QbDevheDB8gd0//uPj4c1EQua8Q+MViT0/w=="
    },
    "esbuild": {
      "version": "0.8.33",
      "resolved": "https://registry.npmjs.org/esbuild/-/esbuild-0.8.33.tgz",
      "integrity": "sha512-2ms/P6Y9zJfopR9dKo2vHzhXKfGSNlquVVoVOF8YnhjuzZVrvManMVBPadBsR/t7jzIkRnwqvxrs7d4f3C3eyg==",
      "dev": true
    },
    "ethers": {
      "version": "5.0.26",
      "resolved": "https://registry.npmjs.org/ethers/-/ethers-5.0.26.tgz",
      "integrity": "sha512-MqA8Fvutn3qEW0yBJOHeV6KZmRpF2rqlL2B5058AGkUFsuu6j5Ns/FRlMsbGeQwBz801IB23jQp7vjRfFsKSkg==",
      "requires": {
        "@ethersproject/abi": "5.0.10",
        "@ethersproject/abstract-provider": "5.0.8",
        "@ethersproject/abstract-signer": "5.0.11",
        "@ethersproject/address": "5.0.9",
        "@ethersproject/base64": "5.0.7",
        "@ethersproject/basex": "5.0.7",
        "@ethersproject/bignumber": "5.0.13",
        "@ethersproject/bytes": "5.0.9",
        "@ethersproject/constants": "5.0.8",
        "@ethersproject/contracts": "5.0.9",
        "@ethersproject/hash": "5.0.10",
        "@ethersproject/hdnode": "5.0.8",
        "@ethersproject/json-wallets": "5.0.10",
        "@ethersproject/keccak256": "5.0.7",
        "@ethersproject/logger": "5.0.8",
        "@ethersproject/networks": "5.0.7",
        "@ethersproject/pbkdf2": "5.0.7",
        "@ethersproject/properties": "5.0.7",
        "@ethersproject/providers": "5.0.19",
        "@ethersproject/random": "5.0.7",
        "@ethersproject/rlp": "5.0.7",
        "@ethersproject/sha2": "5.0.7",
        "@ethersproject/signing-key": "5.0.8",
        "@ethersproject/solidity": "5.0.8",
        "@ethersproject/strings": "5.0.8",
        "@ethersproject/transactions": "5.0.9",
        "@ethersproject/units": "5.0.9",
        "@ethersproject/wallet": "5.0.10",
        "@ethersproject/web": "5.0.12",
        "@ethersproject/wordlists": "5.0.8"
      }
    },
    "eventemitter3": {
      "version": "3.1.2",
      "resolved": "https://registry.npmjs.org/eventemitter3/-/eventemitter3-3.1.2.tgz",
      "integrity": "sha512-tvtQIeLVHjDkJYnzf2dgVMxfuSGJeM/7UCG17TT4EumTfNtF+0nebF/4zWOIkCreAbtNqhGEboB6BWrwqNaw4Q=="
    },
    "form-data": {
      "version": "3.0.0",
      "resolved": "https://registry.npmjs.org/form-data/-/form-data-3.0.0.tgz",
      "integrity": "sha512-CKMFDglpbMi6PyN+brwB9Q/GOw0eAnsrEZDgcsH5Krhz5Od/haKHAX0NmQfha2zPPz0JpWzA7GJHGSnvCRLWsg==",
      "requires": {
        "asynckit": "^0.4.0",
        "combined-stream": "^1.0.8",
        "mime-types": "^2.1.12"
      }
    },
    "fsevents": {
      "version": "2.1.3",
      "resolved": "https://registry.npmjs.org/fsevents/-/fsevents-2.1.3.tgz",
      "integrity": "sha512-Auw9a4AxqWpa9GUfj370BMPzzyncfBABW8Mab7BGWBYDj4Isgq+cDKtx0i6u9jcX9pQDnswsaaOTgTmA5pEjuQ==",
      "dev": true,
      "optional": true
    },
    "function-bind": {
      "version": "1.1.1",
      "resolved": "https://registry.npmjs.org/function-bind/-/function-bind-1.1.1.tgz",
      "integrity": "sha512-yIovAzMX49sF8Yl58fSCWJ5svSLuaibPxXQJFLmBObTuCr0Mf1KiPopGM9NiFjiYBCbfaa2Fh6breQ6ANVTI0A==",
      "dev": true
    },
    "has": {
      "version": "1.0.3",
      "resolved": "https://registry.npmjs.org/has/-/has-1.0.3.tgz",
      "integrity": "sha512-f2dvO0VU6Oej7RkWJGrehjbzMAjFp5/VKPp5tTpWIV4JHHZK1/BxbFRtf/siA2SWTe09caDmVtYYzWEIbBS4zw==",
      "dev": true,
      "requires": {
        "function-bind": "^1.1.1"
      }
    },
    "hash.js": {
      "version": "1.1.7",
      "resolved": "https://registry.npmjs.org/hash.js/-/hash.js-1.1.7.tgz",
      "integrity": "sha512-taOaskGt4z4SOANNseOviYDvjEJinIkRgmp7LbKP2YTTmVxWBl87s/uzK9r+44BclBSp2X7K1hqeNfz9JbBeXA==",
      "requires": {
        "inherits": "^2.0.3",
        "minimalistic-assert": "^1.0.1"
      }
    },
    "hmac-drbg": {
      "version": "1.0.1",
      "resolved": "https://registry.npmjs.org/hmac-drbg/-/hmac-drbg-1.0.1.tgz",
      "integrity": "sha1-0nRXAQJabHdabFRXk+1QL8DGSaE=",
      "requires": {
        "hash.js": "^1.0.3",
        "minimalistic-assert": "^1.0.0",
        "minimalistic-crypto-utils": "^1.0.1"
      }
    },
    "iconv-lite": {
      "version": "0.6.2",
      "resolved": "https://registry.npmjs.org/iconv-lite/-/iconv-lite-0.6.2.tgz",
      "integrity": "sha512-2y91h5OpQlolefMPmUlivelittSWy0rP+oYVpn6A7GwVHNE8AWzoYOBNmlwks3LobaJxgHCYZAnyNo2GgpNRNQ==",
      "requires": {
        "safer-buffer": ">= 2.1.2 < 3.0.0"
      }
    },
    "inherits": {
      "version": "2.0.4",
      "resolved": "https://registry.npmjs.org/inherits/-/inherits-2.0.4.tgz",
      "integrity": "sha512-k/vGaX4/Yla3WzyMCvTQOXYeIHvqOKtnqBduzTHpzpQZzAskKMhZ2K+EnBiSM9zGSoIFeMpXKxa4dYeZIQqewQ=="
    },
    "is-core-module": {
      "version": "2.2.0",
      "resolved": "https://registry.npmjs.org/is-core-module/-/is-core-module-2.2.0.tgz",
      "integrity": "sha512-XRAfAdyyY5F5cOXn7hYQDqh2Xmii+DEfIcQGxK/uNwMHhIkPWO0g8msXcbzLe+MpGoR951MlqM/2iIlU4vKDdQ==",
      "dev": true,
      "requires": {
        "has": "^1.0.3"
      }
    },
    "is-stream": {
      "version": "1.1.0",
      "resolved": "https://registry.npmjs.org/is-stream/-/is-stream-1.1.0.tgz",
      "integrity": "sha1-EtSj3U5o4Lec6428hBc66A2RykQ="
    },
    "isomorphic-fetch": {
      "version": "2.2.1",
      "resolved": "https://registry.npmjs.org/isomorphic-fetch/-/isomorphic-fetch-2.2.1.tgz",
      "integrity": "sha1-YRrhrPFPXoH3KVB0coGf6XM1WKk=",
      "requires": {
        "node-fetch": "^1.0.1",
        "whatwg-fetch": ">=0.10.0"
      }
    },
    "js-sha3": {
      "version": "0.5.7",
      "resolved": "https://registry.npmjs.org/js-sha3/-/js-sha3-0.5.7.tgz",
      "integrity": "sha1-DU/9gALVMzqrr0oj7tL2N0yfKOc="
    },
    "json-stable-stringify": {
      "version": "1.0.1",
      "resolved": "https://registry.npmjs.org/json-stable-stringify/-/json-stable-stringify-1.0.1.tgz",
      "integrity": "sha1-mnWdOcXy/1A/1TAGRu1EX4jE+a8=",
      "requires": {
        "jsonify": "~0.0.0"
      }
    },
    "jsonify": {
      "version": "0.0.0",
      "resolved": "https://registry.npmjs.org/jsonify/-/jsonify-0.0.0.tgz",
      "integrity": "sha1-LHS27kHZPKUbe1qu6PUDYx0lKnM="
    },
    "mime-db": {
      "version": "1.45.0",
      "resolved": "https://registry.npmjs.org/mime-db/-/mime-db-1.45.0.tgz",
      "integrity": "sha512-CkqLUxUk15hofLoLyljJSrukZi8mAtgd+yE5uO4tqRZsdsAJKv0O+rFMhVDRJgozy+yG6md5KwuXhD4ocIoP+w=="
    },
    "mime-types": {
      "version": "2.1.28",
      "resolved": "https://registry.npmjs.org/mime-types/-/mime-types-2.1.28.tgz",
      "integrity": "sha512-0TO2yJ5YHYr7M2zzT7gDU1tbwHxEUWBCLt0lscSNpcdAfFyJOVEpRYNS7EXVcTLNj/25QO8gulHC5JtTzSE2UQ==",
      "requires": {
        "mime-db": "1.45.0"
      }
    },
    "minimalistic-assert": {
      "version": "1.0.1",
      "resolved": "https://registry.npmjs.org/minimalistic-assert/-/minimalistic-assert-1.0.1.tgz",
      "integrity": "sha512-UtJcAD4yEaGtjPezWuO9wC4nwUnVH/8/Im3yEHQP4b67cXlD/Qr9hdITCU1xDbSEXg2XKNaP8jsReV7vQd00/A=="
    },
    "minimalistic-crypto-utils": {
      "version": "1.0.1",
      "resolved": "https://registry.npmjs.org/minimalistic-crypto-utils/-/minimalistic-crypto-utils-1.0.1.tgz",
      "integrity": "sha1-9sAMHAsIIkblxNmd+4x8CDsrWCo="
    },
    "nanoid": {
      "version": "3.1.20",
      "resolved": "https://registry.npmjs.org/nanoid/-/nanoid-3.1.20.tgz",
      "integrity": "sha512-a1cQNyczgKbLX9jwbS/+d7W8fX/RfgYR7lVWwWOGIPNgK2m0MWvrGF6/m4kk6U3QcFMnZf3RIhL0v2Jgh/0Uxw==",
      "dev": true
    },
    "node-fetch": {
      "version": "1.7.3",
      "resolved": "https://registry.npmjs.org/node-fetch/-/node-fetch-1.7.3.tgz",
      "integrity": "sha512-NhZ4CsKx7cYm2vSrBAr2PvFOe6sWDf0UYLRqA6svUYg7+/TSfVAu49jYC4BvQ4Sms9SZgdqGBgroqfDhJdTyKQ==",
      "requires": {
        "encoding": "^0.1.11",
        "is-stream": "^1.0.1"
      }
    },
    "path-parse": {
      "version": "1.0.6",
      "resolved": "https://registry.npmjs.org/path-parse/-/path-parse-1.0.6.tgz",
      "integrity": "sha512-GSmOT2EbHrINBf9SR7CDELwlJ8AENk3Qn7OikK4nFYAu3Ote2+JYNVvkpAEQm3/TLNEJFD/xZJjzyxg3KBWOzw==",
      "dev": true
    },
    "peerjs": {
      "version": "1.3.1",
      "resolved": "https://registry.npmjs.org/peerjs/-/peerjs-1.3.1.tgz",
      "integrity": "sha512-V76SNqSyPNf4mZviGOkjOo3GpwJZ8DHXyaPE3tlzU5hFzwWqceMFs/4w/9mzNJtKUVU2yXBZCU54xl7JVChGXQ==",
      "requires": {
        "@types/node": "^10.14.17",
        "eventemitter3": "^3.1.2",
        "peerjs-js-binarypack": "1.0.1",
        "webrtc-adapter": "^7.3.0"
      }
    },
    "peerjs-js-binarypack": {
      "version": "1.0.1",
      "resolved": "https://registry.npmjs.org/peerjs-js-binarypack/-/peerjs-js-binarypack-1.0.1.tgz",
      "integrity": "sha512-N6aeia3NhdpV7kiGxJV5xQiZZCVEEVjRz2T2C6UZQiBkHWHzUv/oWA4myQLcwBwO8LUoR1KWW5oStvwVesmfCg=="
    },
    "postcss": {
      "version": "8.2.4",
      "resolved": "https://registry.npmjs.org/postcss/-/postcss-8.2.4.tgz",
      "integrity": "sha512-kRFftRoExRVXZlwUuay9iC824qmXPcQQVzAjbCCgjpXnkdMCJYBu2gTwAaFBzv8ewND6O8xFb3aELmEkh9zTzg==",
      "dev": true,
      "requires": {
        "colorette": "^1.2.1",
        "nanoid": "^3.1.20",
        "source-map": "^0.6.1"
      }
    },
    "resolve": {
      "version": "1.19.0",
      "resolved": "https://registry.npmjs.org/resolve/-/resolve-1.19.0.tgz",
      "integrity": "sha512-rArEXAgsBG4UgRGcynxWIWKFvh/XZCcS8UJdHhwy91zwAvCZIbcs+vAbflgBnNjYMs/i/i+/Ux6IZhML1yPvxg==",
      "dev": true,
      "requires": {
        "is-core-module": "^2.1.0",
        "path-parse": "^1.0.6"
      }
    },
    "rollup": {
      "version": "2.37.1",
      "resolved": "https://registry.npmjs.org/rollup/-/rollup-2.37.1.tgz",
      "integrity": "sha512-V3ojEeyGeSdrMSuhP3diBb06P+qV4gKQeanbDv+Qh/BZbhdZ7kHV0xAt8Yjk4GFshq/WjO7R4c7DFM20AwTFVQ==",
      "dev": true,
      "requires": {
        "fsevents": "~2.1.2"
      }
    },
    "rtcpeerconnection-shim": {
      "version": "1.2.15",
      "resolved": "https://registry.npmjs.org/rtcpeerconnection-shim/-/rtcpeerconnection-shim-1.2.15.tgz",
      "integrity": "sha512-C6DxhXt7bssQ1nHb154lqeL0SXz5Dx4RczXZu2Aa/L1NJFnEVDxFwCBo3fqtuljhHIGceg5JKBV4XJ0gW5JKyw==",
      "requires": {
        "sdp": "^2.6.0"
      }
    },
    "safer-buffer": {
      "version": "2.1.2",
      "resolved": "https://registry.npmjs.org/safer-buffer/-/safer-buffer-2.1.2.tgz",
      "integrity": "sha512-YZo3K82SD7Riyi0E1EQPojLz7kpepnSQI9IyPbHHg1XXXevb5dJI7tpyN2ADxGcQbHG7vcyRHk0cbwqcQriUtg=="
    },
    "scrypt-js": {
      "version": "3.0.1",
      "resolved": "https://registry.npmjs.org/scrypt-js/-/scrypt-js-3.0.1.tgz",
      "integrity": "sha512-cdwTTnqPu0Hyvf5in5asVdZocVDTNRmR7XEcJuIzMjJeSHybHl7vpB66AzwTaIg6CLSbtjcxc8fqcySfnTkccA=="
    },
    "sdp": {
      "version": "2.12.0",
      "resolved": "https://registry.npmjs.org/sdp/-/sdp-2.12.0.tgz",
      "integrity": "sha512-jhXqQAQVM+8Xj5EjJGVweuEzgtGWb3tmEEpl3CLP3cStInSbVHSg0QWOGQzNq8pSID4JkpeV2mPqlMDLrm0/Vw=="
    },
    "source-map": {
      "version": "0.6.1",
      "resolved": "https://registry.npmjs.org/source-map/-/source-map-0.6.1.tgz",
      "integrity": "sha512-UjgapumWlbMhkBgzT7Ykc5YXUT46F0iKu8SGXq0bcwP5dz/h0Plj6enJqjz1Zbq2l5WaqYnrVbwWOWMyF3F47g==",
      "dev": true
    },
    "vite": {
      "version": "2.0.0-beta.35",
      "resolved": "https://registry.npmjs.org/vite/-/vite-2.0.0-beta.35.tgz",
      "integrity": "sha512-22+MuR3fvy5GmGdjIXHXcUbfVS8P2DK8C2wdcDcdZnugCTd+4XySF2xeRt+VFPyhqq+/KSbdOuA2r47F+VMwig==",
      "dev": true,
      "requires": {
        "esbuild": "^0.8.26",
        "fsevents": "~2.1.2",
        "postcss": "^8.2.1",
        "resolve": "^1.19.0",
        "rollup": "^2.35.1"
      }
    },
    "webrtc-adapter": {
      "version": "7.7.0",
      "resolved": "https://registry.npmjs.org/webrtc-adapter/-/webrtc-adapter-7.7.0.tgz",
      "integrity": "sha512-7Bp9OBnx642oJRkom1tNAbeJjUadAq2rh5xLL9YXPw5hVyt2h4hHr5bcoPYDs1stp/mZHSPSQA34YISdnr0DBQ==",
      "requires": {
        "rtcpeerconnection-shim": "^1.2.15",
        "sdp": "^2.12.0"
      }
    },
    "whatwg-fetch": {
      "version": "3.5.0",
      "resolved": "https://registry.npmjs.org/whatwg-fetch/-/whatwg-fetch-3.5.0.tgz",
      "integrity": "sha512-jXkLtsR42xhXg7akoDKvKWE40eJeI+2KZqcp2h3NsOrRnDvtWX36KcKl30dy+hxECivdk2BVUHVNrPtoMBUx6A=="
    },
    "ws": {
      "version": "7.2.3",
      "resolved": "https://registry.npmjs.org/ws/-/ws-7.2.3.tgz",
      "integrity": "sha512-HTDl9G9hbkNDk98naoR/cHDws7+EyYMOdL1BmjsZXRUjf7d+MficC4B7HLUPlSiho0vg+CWKrGIt/VJBd1xunQ=="
    }
  }
}
